// !$*UTF8*$!
{
	archiveVersion = 1;
	classes = {
	};
	objectVersion = 56;
	objects = {

/* Begin PBXBuildFile section */
		CAD8D2692CD07D70007B628F /* SwiftDataProjectApp.swift in Sources */ = {isa = PBXBuildFile; fileRef = CAD8D2682CD07D70007B628F /* SwiftDataProjectApp.swift */; };
		CAD8D26B2CD07D70007B628F /* ContentView.swift in Sources */ = {isa = PBXBuildFile; fileRef = CAD8D26A2CD07D70007B628F /* ContentView.swift */; };
		CAD8D26D2CD07D70007B628F /* Item.swift in Sources */ = {isa = PBXBuildFile; fileRef = CAD8D26C2CD07D70007B628F /* Item.swift */; };
		CAD8D26F2CD07D72007B628F /* Assets.xcassets in Resources */ = {isa = PBXBuildFile; fileRef = CAD8D26E2CD07D72007B628F /* Assets.xcassets */; };
		CAD8D2722CD07D72007B628F /* Preview Assets.xcassets in Resources */ = {isa = PBXBuildFile; fileRef = CAD8D2712CD07D72007B628F /* Preview Assets.xcassets */; };
		CAD8D27C2CD07D72007B628F /* SwiftDataProjectTests.swift in Sources */ = {isa = PBXBuildFile; fileRef = CAD8D27B2CD07D72007B628F /* SwiftDataProjectTests.swift */; };
		CAD8D2862CD07D72007B628F /* SwiftDataProjectUITests.swift in Sources */ = {isa = PBXBuildFile; fileRef = CAD8D2852CD07D72007B628F /* SwiftDataProjectUITests.swift */; };
		CAD8D2882CD07D72007B628F /* SwiftDataProjectUITestsLaunchTests.swift in Sources */ = {isa = PBXBuildFile; fileRef = CAD8D2872CD07D72007B628F /* SwiftDataProjectUITestsLaunchTests.swift */; };
		CAD8D2952CD080DD007B628F /* User.swift in Sources */ = {isa = PBXBuildFile; fileRef = CAD8D2942CD080DD007B628F /* User.swift */; };
		CAD8D2992CD081ED007B628F /* EditUserView.swift in Sources */ = {isa = PBXBuildFile; fileRef = CAD8D2982CD081ED007B628F /* EditUserView.swift */; };
		CAD8D3892D5446B4007B628F /* UsersView.swift in Sources */ = {isa = PBXBuildFile; fileRef = CAD8D3882D5446B4007B628F /* UsersView.swift */; };
		CAD8D38B2D544F48007B628F /* Job.swift in Sources */ = {isa = PBXBuildFile; fileRef = CAD8D38A2D544F48007B628F /* Job.swift */; };
/* End PBXBuildFile section */

/* Begin PBXContainerItemProxy section */
		CAD8D2782CD07D72007B628F /* PBXContainerItemProxy */ = {
			isa = PBXContainerItemProxy;
			containerPortal = CAD8D25D2CD07D70007B628F /* Project object */;
			proxyType = 1;
			remoteGlobalIDString = CAD8D2642CD07D70007B628F;
			remoteInfo = SwiftDataProject;
		};
		CAD8D2822CD07D72007B628F /* PBXContainerItemProxy */ = {
			isa = PBXContainerItemProxy;
			containerPortal = CAD8D25D2CD07D70007B628F /* Project object */;
			proxyType = 1;
			remoteGlobalIDString = CAD8D2642CD07D70007B628F;
			remoteInfo = SwiftDataProject;
		};
/* End PBXContainerItemProxy section */

/* Begin PBXFileReference section */
		CAD8D2652CD07D70007B628F /* SwiftDataProject.app */ = {isa = PBXFileReference; explicitFileType = wrapper.application; includeInIndex = 0; path = SwiftDataProject.app; sourceTree = BUILT_PRODUCTS_DIR; };
		CAD8D2682CD07D70007B628F /* SwiftDataProjectApp.swift */ = {isa = PBXFileReference; lastKnownFileType = sourcecode.swift; path = SwiftDataProjectApp.swift; sourceTree = "<group>"; };
		CAD8D26A2CD07D70007B628F /* ContentView.swift */ = {isa = PBXFileReference; lastKnownFileType = sourcecode.swift; path = ContentView.swift; sourceTree = "<group>"; };
		CAD8D26C2CD07D70007B628F /* Item.swift */ = {isa = PBXFileReference; lastKnownFileType = sourcecode.swift; path = Item.swift; sourceTree = "<group>"; };
		CAD8D26E2CD07D72007B628F /* Assets.xcassets */ = {isa = PBXFileReference; lastKnownFileType = folder.assetcatalog; path = Assets.xcassets; sourceTree = "<group>"; };
		CAD8D2712CD07D72007B628F /* Preview Assets.xcassets */ = {isa = PBXFileReference; lastKnownFileType = folder.assetcatalog; path = "Preview Assets.xcassets"; sourceTree = "<group>"; };
		CAD8D2772CD07D72007B628F /* SwiftDataProjectTests.xctest */ = {isa = PBXFileReference; explicitFileType = wrapper.cfbundle; includeInIndex = 0; path = SwiftDataProjectTests.xctest; sourceTree = BUILT_PRODUCTS_DIR; };
		CAD8D27B2CD07D72007B628F /* SwiftDataProjectTests.swift */ = {isa = PBXFileReference; lastKnownFileType = sourcecode.swift; path = SwiftDataProjectTests.swift; sourceTree = "<group>"; };
		CAD8D2812CD07D72007B628F /* SwiftDataProjectUITests.xctest */ = {isa = PBXFileReference; explicitFileType = wrapper.cfbundle; includeInIndex = 0; path = SwiftDataProjectUITests.xctest; sourceTree = BUILT_PRODUCTS_DIR; };
		CAD8D2852CD07D72007B628F /* SwiftDataProjectUITests.swift */ = {isa = PBXFileReference; lastKnownFileType = sourcecode.swift; path = SwiftDataProjectUITests.swift; sourceTree = "<group>"; };
		CAD8D2872CD07D72007B628F /* SwiftDataProjectUITestsLaunchTests.swift */ = {isa = PBXFileReference; lastKnownFileType = sourcecode.swift; path = SwiftDataProjectUITestsLaunchTests.swift; sourceTree = "<group>"; };
		CAD8D2942CD080DD007B628F /* User.swift */ = {isa = PBXFileReference; lastKnownFileType = sourcecode.swift; path = User.swift; sourceTree = "<group>"; };
		CAD8D2982CD081ED007B628F /* EditUserView.swift */ = {isa = PBXFileReference; lastKnownFileType = sourcecode.swift; path = EditUserView.swift; sourceTree = "<group>"; };
		CAD8D3882D5446B4007B628F /* UsersView.swift */ = {isa = PBXFileReference; lastKnownFileType = sourcecode.swift; path = UsersView.swift; sourceTree = "<group>"; };
		CAD8D38A2D544F48007B628F /* Job.swift */ = {isa = PBXFileReference; lastKnownFileType = sourcecode.swift; path = Job.swift; sourceTree = "<group>"; };
/* End PBXFileReference section */

/* Begin PBXFrameworksBuildPhase section */
		CAD8D2622CD07D70007B628F /* Frameworks */ = {
			isa = PBXFrameworksBuildPhase;
			buildActionMask = 2147483647;
			files = (
			);
			runOnlyForDeploymentPostprocessing = 0;
		};
		CAD8D2742CD07D72007B628F /* Frameworks */ = {
			isa = PBXFrameworksBuildPhase;
			buildActionMask = 2147483647;
			files = (
			);
			runOnlyForDeploymentPostprocessing = 0;
		};
		CAD8D27E2CD07D72007B628F /* Frameworks */ = {
			isa = PBXFrameworksBuildPhase;
			buildActionMask = 2147483647;
			files = (
			);
			runOnlyForDeploymentPostprocessing = 0;
		};
/* End PBXFrameworksBuildPhase section */

/* Begin PBXGroup section */
		CAD8D25C2CD07D70007B628F = {
			isa = PBXGroup;
			children = (
				CAD8D2672CD07D70007B628F /* SwiftDataProject */,
				CAD8D27A2CD07D72007B628F /* SwiftDataProjectTests */,
				CAD8D2842CD07D72007B628F /* SwiftDataProjectUITests */,
				CAD8D2662CD07D70007B628F /* Products */,
			);
			sourceTree = "<group>";
		};
		CAD8D2662CD07D70007B628F /* Products */ = {
			isa = PBXGroup;
			children = (
				CAD8D2652CD07D70007B628F /* SwiftDataProject.app */,
				CAD8D2772CD07D72007B628F /* SwiftDataProjectTests.xctest */,
				CAD8D2812CD07D72007B628F /* SwiftDataProjectUITests.xctest */,
			);
			name = Products;
			sourceTree = "<group>";
		};
		CAD8D2672CD07D70007B628F /* SwiftDataProject */ = {
			isa = PBXGroup;
			children = (
				CAD8D2682CD07D70007B628F /* SwiftDataProjectApp.swift */,
				CAD8D26A2CD07D70007B628F /* ContentView.swift */,
				CAD8D26C2CD07D70007B628F /* Item.swift */,
				CAD8D26E2CD07D72007B628F /* Assets.xcassets */,
				CAD8D2702CD07D72007B628F /* Preview Content */,
				CAD8D2942CD080DD007B628F /* User.swift */,
				CAD8D2982CD081ED007B628F /* EditUserView.swift */,
				CAD8D3882D5446B4007B628F /* UsersView.swift */,
				CAD8D38A2D544F48007B628F /* Job.swift */,
			);
			path = SwiftDataProject;
			sourceTree = "<group>";
		};
		CAD8D2702CD07D72007B628F /* Preview Content */ = {
			isa = PBXGroup;
			children = (
				CAD8D2712CD07D72007B628F /* Preview Assets.xcassets */,
			);
			path = "Preview Content";
			sourceTree = "<group>";
		};
		CAD8D27A2CD07D72007B628F /* SwiftDataProjectTests */ = {
			isa = PBXGroup;
			children = (
				CAD8D27B2CD07D72007B628F /* SwiftDataProjectTests.swift */,
			);
			path = SwiftDataProjectTests;
			sourceTree = "<group>";
		};
		CAD8D2842CD07D72007B628F /* SwiftDataProjectUITests */ = {
			isa = PBXGroup;
			children = (
				CAD8D2852CD07D72007B628F /* SwiftDataProjectUITests.swift */,
				CAD8D2872CD07D72007B628F /* SwiftDataProjectUITestsLaunchTests.swift */,
			);
			path = SwiftDataProjectUITests;
			sourceTree = "<group>";
		};
/* End PBXGroup section */

/* Begin PBXNativeTarget section */
		CAD8D2642CD07D70007B628F /* SwiftDataProject */ = {
			isa = PBXNativeTarget;
			buildConfigurationList = CAD8D28B2CD07D72007B628F /* Build configuration list for PBXNativeTarget "SwiftDataProject" */;
			buildPhases = (
				CAD8D2612CD07D70007B628F /* Sources */,
				CAD8D2622CD07D70007B628F /* Frameworks */,
				CAD8D2632CD07D70007B628F /* Resources */,
			);
			buildRules = (
			);
			dependencies = (
			);
			name = SwiftDataProject;
			productName = SwiftDataProject;
			productReference = CAD8D2652CD07D70007B628F /* SwiftDataProject.app */;
			productType = "com.apple.product-type.application";
		};
		CAD8D2762CD07D72007B628F /* SwiftDataProjectTests */ = {
			isa = PBXNativeTarget;
			buildConfigurationList = CAD8D28E2CD07D72007B628F /* Build configuration list for PBXNativeTarget "SwiftDataProjectTests" */;
			buildPhases = (
				CAD8D2732CD07D72007B628F /* Sources */,
				CAD8D2742CD07D72007B628F /* Frameworks */,
				CAD8D2752CD07D72007B628F /* Resources */,
			);
			buildRules = (
			);
			dependencies = (
				CAD8D2792CD07D72007B628F /* PBXTargetDependency */,
			);
			name = SwiftDataProjectTests;
			productName = SwiftDataProjectTests;
			productReference = CAD8D2772CD07D72007B628F /* SwiftDataProjectTests.xctest */;
			productType = "com.apple.product-type.bundle.unit-test";
		};
		CAD8D2802CD07D72007B628F /* SwiftDataProjectUITests */ = {
			isa = PBXNativeTarget;
			buildConfigurationList = CAD8D2912CD07D72007B628F /* Build configuration list for PBXNativeTarget "SwiftDataProjectUITests" */;
			buildPhases = (
				CAD8D27D2CD07D72007B628F /* Sources */,
				CAD8D27E2CD07D72007B628F /* Frameworks */,
				CAD8D27F2CD07D72007B628F /* Resources */,
			);
			buildRules = (
			);
			dependencies = (
				CAD8D2832CD07D72007B628F /* PBXTargetDependency */,
			);
			name = SwiftDataProjectUITests;
			productName = SwiftDataProjectUITests;
			productReference = CAD8D2812CD07D72007B628F /* SwiftDataProjectUITests.xctest */;
			productType = "com.apple.product-type.bundle.ui-testing";
		};
/* End PBXNativeTarget section */

/* Begin PBXProject section */
		CAD8D25D2CD07D70007B628F /* Project object */ = {
			isa = PBXProject;
			attributes = {
				BuildIndependentTargetsInParallel = 1;
				LastSwiftUpdateCheck = 1520;
				LastUpgradeCheck = 1520;
				TargetAttributes = {
					CAD8D2642CD07D70007B628F = {
						CreatedOnToolsVersion = 15.2;
					};
					CAD8D2762CD07D72007B628F = {
						CreatedOnToolsVersion = 15.2;
						TestTargetID = CAD8D2642CD07D70007B628F;
					};
					CAD8D2802CD07D72007B628F = {
						CreatedOnToolsVersion = 15.2;
						TestTargetID = CAD8D2642CD07D70007B628F;
					};
				};
			};
			buildConfigurationList = CAD8D2602CD07D70007B628F /* Build configuration list for PBXProject "SwiftDataProject" */;
			compatibilityVersion = "Xcode 14.0";
			developmentRegion = en;
			hasScannedForEncodings = 0;
			knownRegions = (
				en,
				Base,
			);
			mainGroup = CAD8D25C2CD07D70007B628F;
			productRefGroup = CAD8D2662CD07D70007B628F /* Products */;
			projectDirPath = "";
			projectRoot = "";
			targets = (
				CAD8D2642CD07D70007B628F /* SwiftDataProject */,
				CAD8D2762CD07D72007B628F /* SwiftDataProjectTests */,
				CAD8D2802CD07D72007B628F /* SwiftDataProjectUITests */,
			);
		};
/* End PBXProject section */

/* Begin PBXResourcesBuildPhase section */
		CAD8D2632CD07D70007B628F /* Resources */ = {
			isa = PBXResourcesBuildPhase;
			buildActionMask = 2147483647;
			files = (
				CAD8D2722CD07D72007B628F /* Preview Assets.xcassets in Resources */,
				CAD8D26F2CD07D72007B628F /* Assets.xcassets in Resources */,
			);
			runOnlyForDeploymentPostprocessing = 0;
		};
		CAD8D2752CD07D72007B628F /* Resources */ = {
			isa = PBXResourcesBuildPhase;
			buildActionMask = 2147483647;
			files = (
			);
			runOnlyForDeploymentPostprocessing = 0;
		};
		CAD8D27F2CD07D72007B628F /* Resources */ = {
			isa = PBXResourcesBuildPhase;
			buildActionMask = 2147483647;
			files = (
			);
			runOnlyForDeploymentPostprocessing = 0;
		};
/* End PBXResourcesBuildPhase section */

/* Begin PBXSourcesBuildPhase section */
		CAD8D2612CD07D70007B628F /* Sources */ = {
			isa = PBXSourcesBuildPhase;
			buildActionMask = 2147483647;
			files = (
				CAD8D2952CD080DD007B628F /* User.swift in Sources */,
				CAD8D2992CD081ED007B628F /* EditUserView.swift in Sources */,
				CAD8D26B2CD07D70007B628F /* ContentView.swift in Sources */,
				CAD8D26D2CD07D70007B628F /* Item.swift in Sources */,
				CAD8D2692CD07D70007B628F /* SwiftDataProjectApp.swift in Sources */,
				CAD8D38B2D544F48007B628F /* Job.swift in Sources */,
				CAD8D3892D5446B4007B628F /* UsersView.swift in Sources */,
			);
			runOnlyForDeploymentPostprocessing = 0;
		};
		CAD8D2732CD07D72007B628F /* Sources */ = {
			isa = PBXSourcesBuildPhase;
			buildActionMask = 2147483647;
			files = (
				CAD8D27C2CD07D72007B628F /* SwiftDataProjectTests.swift in Sources */,
			);
			runOnlyForDeploymentPostprocessing = 0;
		};
		CAD8D27D2CD07D72007B628F /* Sources */ = {
			isa = PBXSourcesBuildPhase;
			buildActionMask = 2147483647;
			files = (
				CAD8D2882CD07D72007B628F /* SwiftDataProjectUITestsLaunchTests.swift in Sources */,
				CAD8D2862CD07D72007B628F /* SwiftDataProjectUITests.swift in Sources */,
			);
			runOnlyForDeploymentPostprocessing = 0;
		};
/* End PBXSourcesBuildPhase section */

/* Begin PBXTargetDependency section */
		CAD8D2792CD07D72007B628F /* PBXTargetDependency */ = {
			isa = PBXTargetDependency;
			target = CAD8D2642CD07D70007B628F /* SwiftDataProject */;
			targetProxy = CAD8D2782CD07D72007B628F /* PBXContainerItemProxy */;
		};
		CAD8D2832CD07D72007B628F /* PBXTargetDependency */ = {
			isa = PBXTargetDependency;
			target = CAD8D2642CD07D70007B628F /* SwiftDataProject */;
			targetProxy = CAD8D2822CD07D72007B628F /* PBXContainerItemProxy */;
		};
/* End PBXTargetDependency section */

/* Begin XCBuildConfiguration section */
		CAD8D2892CD07D72007B628F /* Debug */ = {
			isa = XCBuildConfiguration;
			buildSettings = {
				ALWAYS_SEARCH_USER_PATHS = NO;
				ASSETCATALOG_COMPILER_GENERATE_SWIFT_ASSET_SYMBOL_EXTENSIONS = YES;
				CLANG_ANALYZER_NONNULL = YES;
				CLANG_ANALYZER_NUMBER_OBJECT_CONVERSION = YES_AGGRESSIVE;
				CLANG_CXX_LANGUAGE_STANDARD = "gnu++20";
				CLANG_ENABLE_MODULES = YES;
				CLANG_ENABLE_OBJC_ARC = YES;
				CLANG_ENABLE_OBJC_WEAK = YES;
				CLANG_WARN_BLOCK_CAPTURE_AUTORELEASING = YES;
				CLANG_WARN_BOOL_CONVERSION = YES;
				CLANG_WARN_COMMA = YES;
				CLANG_WARN_CONSTANT_CONVERSION = YES;
				CLANG_WARN_DEPRECATED_OBJC_IMPLEMENTATIONS = YES;
				CLANG_WARN_DIRECT_OBJC_ISA_USAGE = YES_ERROR;
				CLANG_WARN_DOCUMENTATION_COMMENTS = YES;
				CLANG_WARN_EMPTY_BODY = YES;
				CLANG_WARN_ENUM_CONVERSION = YES;
				CLANG_WARN_INFINITE_RECURSION = YES;
				CLANG_WARN_INT_CONVERSION = YES;
				CLANG_WARN_NON_LITERAL_NULL_CONVERSION = YES;
				CLANG_WARN_OBJC_IMPLICIT_RETAIN_SELF = YES;
				CLANG_WARN_OBJC_LITERAL_CONVERSION = YES;
				CLANG_WARN_OBJC_ROOT_CLASS = YES_ERROR;
				CLANG_WARN_QUOTED_INCLUDE_IN_FRAMEWORK_HEADER = YES;
				CLANG_WARN_RANGE_LOOP_ANALYSIS = YES;
				CLANG_WARN_STRICT_PROTOTYPES = YES;
				CLANG_WARN_SUSPICIOUS_MOVE = YES;
				CLANG_WARN_UNGUARDED_AVAILABILITY = YES_AGGRESSIVE;
				CLANG_WARN_UNREACHABLE_CODE = YES;
				CLANG_WARN__DUPLICATE_METHOD_MATCH = YES;
				COPY_PHASE_STRIP = NO;
				DEBUG_INFORMATION_FORMAT = dwarf;
				ENABLE_STRICT_OBJC_MSGSEND = YES;
				ENABLE_TESTABILITY = YES;
				ENABLE_USER_SCRIPT_SANDBOXING = YES;
				GCC_C_LANGUAGE_STANDARD = gnu17;
				GCC_DYNAMIC_NO_PIC = NO;
				GCC_NO_COMMON_BLOCKS = YES;
				GCC_OPTIMIZATION_LEVEL = 0;
				GCC_PREPROCESSOR_DEFINITIONS = (
					"DEBUG=1",
					"$(inherited)",
				);
				GCC_WARN_64_TO_32_BIT_CONVERSION = YES;
				GCC_WARN_ABOUT_RETURN_TYPE = YES_ERROR;
				GCC_WARN_UNDECLARED_SELECTOR = YES;
				GCC_WARN_UNINITIALIZED_AUTOS = YES_AGGRESSIVE;
				GCC_WARN_UNUSED_FUNCTION = YES;
				GCC_WARN_UNUSED_VARIABLE = YES;
				IPHONEOS_DEPLOYMENT_TARGET = 17.2;
				LOCALIZATION_PREFERS_STRING_CATALOGS = YES;
				MTL_ENABLE_DEBUG_INFO = INCLUDE_SOURCE;
				MTL_FAST_MATH = YES;
				ONLY_ACTIVE_ARCH = YES;
				SDKROOT = iphoneos;
				SWIFT_ACTIVE_COMPILATION_CONDITIONS = "DEBUG $(inherited)";
				SWIFT_OPTIMIZATION_LEVEL = "-Onone";
			};
			name = Debug;
		};
		CAD8D28A2CD07D72007B628F /* Release */ = {
			isa = XCBuildConfiguration;
			buildSettings = {
				ALWAYS_SEARCH_USER_PATHS = NO;
				ASSETCATALOG_COMPILER_GENERATE_SWIFT_ASSET_SYMBOL_EXTENSIONS = YES;
				CLANG_ANALYZER_NONNULL = YES;
				CLANG_ANALYZER_NUMBER_OBJECT_CONVERSION = YES_AGGRESSIVE;
				CLANG_CXX_LANGUAGE_STANDARD = "gnu++20";
				CLANG_ENABLE_MODULES = YES;
				CLANG_ENABLE_OBJC_ARC = YES;
				CLANG_ENABLE_OBJC_WEAK = YES;
				CLANG_WARN_BLOCK_CAPTURE_AUTORELEASING = YES;
				CLANG_WARN_BOOL_CONVERSION = YES;
				CLANG_WARN_COMMA = YES;
				CLANG_WARN_CONSTANT_CONVERSION = YES;
				CLANG_WARN_DEPRECATED_OBJC_IMPLEMENTATIONS = YES;
				CLANG_WARN_DIRECT_OBJC_ISA_USAGE = YES_ERROR;
				CLANG_WARN_DOCUMENTATION_COMMENTS = YES;
				CLANG_WARN_EMPTY_BODY = YES;
				CLANG_WARN_ENUM_CONVERSION = YES;
				CLANG_WARN_INFINITE_RECURSION = YES;
				CLANG_WARN_INT_CONVERSION = YES;
				CLANG_WARN_NON_LITERAL_NULL_CONVERSION = YES;
				CLANG_WARN_OBJC_IMPLICIT_RETAIN_SELF = YES;
				CLANG_WARN_OBJC_LITERAL_CONVERSION = YES;
				CLANG_WARN_OBJC_ROOT_CLASS = YES_ERROR;
				CLANG_WARN_QUOTED_INCLUDE_IN_FRAMEWORK_HEADER = YES;
				CLANG_WARN_RANGE_LOOP_ANALYSIS = YES;
				CLANG_WARN_STRICT_PROTOTYPES = YES;
				CLANG_WARN_SUSPICIOUS_MOVE = YES;
				CLANG_WARN_UNGUARDED_AVAILABILITY = YES_AGGRESSIVE;
				CLANG_WARN_UNREACHABLE_CODE = YES;
				CLANG_WARN__DUPLICATE_METHOD_MATCH = YES;
				COPY_PHASE_STRIP = NO;
				DEBUG_INFORMATION_FORMAT = "dwarf-with-dsym";
				ENABLE_NS_ASSERTIONS = NO;
				ENABLE_STRICT_OBJC_MSGSEND = YES;
				ENABLE_USER_SCRIPT_SANDBOXING = YES;
				GCC_C_LANGUAGE_STANDARD = gnu17;
				GCC_NO_COMMON_BLOCKS = YES;
				GCC_WARN_64_TO_32_BIT_CONVERSION = YES;
				GCC_WARN_ABOUT_RETURN_TYPE = YES_ERROR;
				GCC_WARN_UNDECLARED_SELECTOR = YES;
				GCC_WARN_UNINITIALIZED_AUTOS = YES_AGGRESSIVE;
				GCC_WARN_UNUSED_FUNCTION = YES;
				GCC_WARN_UNUSED_VARIABLE = YES;
				IPHONEOS_DEPLOYMENT_TARGET = 17.2;
				LOCALIZATION_PREFERS_STRING_CATALOGS = YES;
				MTL_ENABLE_DEBUG_INFO = NO;
				MTL_FAST_MATH = YES;
				SDKROOT = iphoneos;
				SWIFT_COMPILATION_MODE = wholemodule;
				VALIDATE_PRODUCT = YES;
			};
			name = Release;
		};
		CAD8D28C2CD07D72007B628F /* Debug */ = {
			isa = XCBuildConfiguration;
			buildSettings = {
				ASSETCATALOG_COMPILER_APPICON_NAME = AppIcon;
				ASSETCATALOG_COMPILER_GLOBAL_ACCENT_COLOR_NAME = AccentColor;
				CODE_SIGN_STYLE = Automatic;
				CURRENT_PROJECT_VERSION = 1;
				DEVELOPMENT_ASSET_PATHS = "\"SwiftDataProject/Preview Content\"";
				DEVELOPMENT_TEAM = 7FQ27H36VW;
				ENABLE_PREVIEWS = YES;
				GENERATE_INFOPLIST_FILE = YES;
				INFOPLIST_KEY_UIApplicationSceneManifest_Generation = YES;
				INFOPLIST_KEY_UIApplicationSupportsIndirectInputEvents = YES;
				INFOPLIST_KEY_UILaunchScreen_Generation = YES;
				INFOPLIST_KEY_UISupportedInterfaceOrientations_iPad = "UIInterfaceOrientationPortrait UIInterfaceOrientationPortraitUpsideDown UIInterfaceOrientationLandscapeLeft UIInterfaceOrientationLandscapeRight";
				INFOPLIST_KEY_UISupportedInterfaceOrientations_iPhone = "UIInterfaceOrientationPortrait UIInterfaceOrientationLandscapeLeft UIInterfaceOrientationLandscapeRight";
				LD_RUNPATH_SEARCH_PATHS = (
					"$(inherited)",
					"@executable_path/Frameworks",
				);
				MARKETING_VERSION = 1.0;
				PRODUCT_BUNDLE_IDENTIFIER = com.jjmadel.coreData.SwiftDataProject;
				PRODUCT_NAME = "$(TARGET_NAME)";
				SWIFT_EMIT_LOC_STRINGS = YES;
				SWIFT_VERSION = 5.0;
				TARGETED_DEVICE_FAMILY = "1,2";
			};
			name = Debug;
		};
		CAD8D28D2CD07D72007B628F /* Release */ = {
			isa = XCBuildConfiguration;
			buildSettings = {
				ASSETCATALOG_COMPILER_APPICON_NAME = AppIcon;
				ASSETCATALOG_COMPILER_GLOBAL_ACCENT_COLOR_NAME = AccentColor;
				CODE_SIGN_STYLE = Automatic;
				CURRENT_PROJECT_VERSION = 1;
				DEVELOPMENT_ASSET_PATHS = "\"SwiftDataProject/Preview Content\"";
				DEVELOPMENT_TEAM = 7FQ27H36VW;
				ENABLE_PREVIEWS = YES;
				GENERATE_INFOPLIST_FILE = YES;
				INFOPLIST_KEY_UIApplicationSceneManifest_Generation = YES;
				INFOPLIST_KEY_UIApplicationSupportsIndirectInputEvents = YES;
				INFOPLIST_KEY_UILaunchScreen_Generation = YES;
				INFOPLIST_KEY_UISupportedInterfaceOrientations_iPad = "UIInterfaceOrientationPortrait UIInterfaceOrientationPortraitUpsideDown UIInterfaceOrientationLandscapeLeft UIInterfaceOrientationLandscapeRight";
				INFOPLIST_KEY_UISupportedInterfaceOrientations_iPhone = "UIInterfaceOrientationPortrait UIInterfaceOrientationLandscapeLeft UIInterfaceOrientationLandscapeRight";
				LD_RUNPATH_SEARCH_PATHS = (
					"$(inherited)",
					"@executable_path/Frameworks",
				);
				MARKETING_VERSION = 1.0;
				PRODUCT_BUNDLE_IDENTIFIER = com.jjmadel.coreData.SwiftDataProject;
				PRODUCT_NAME = "$(TARGET_NAME)";
				SWIFT_EMIT_LOC_STRINGS = YES;
				SWIFT_VERSION = 5.0;
				TARGETED_DEVICE_FAMILY = "1,2";
			};
			name = Release;
		};
		CAD8D28F2CD07D72007B628F /* Debug */ = {
			isa = XCBuildConfiguration;
			buildSettings = {
				ALWAYS_EMBED_SWIFT_STANDARD_LIBRARIES = YES;
				BUNDLE_LOADER = "$(TEST_HOST)";
				CODE_SIGN_STYLE = Automatic;
				CURRENT_PROJECT_VERSION = 1;
				GENERATE_INFOPLIST_FILE = YES;
				IPHONEOS_DEPLOYMENT_TARGET = 17.2;
				MARKETING_VERSION = 1.0;
				PRODUCT_BUNDLE_IDENTIFIER = com.jjmadel.coreData.SwiftDataProjectTests;
				PRODUCT_NAME = "$(TARGET_NAME)";
				SWIFT_EMIT_LOC_STRINGS = NO;
				SWIFT_VERSION = 5.0;
				TARGETED_DEVICE_FAMILY = "1,2";
				TEST_HOST = "$(BUILT_PRODUCTS_DIR)/SwiftDataProject.app/$(BUNDLE_EXECUTABLE_FOLDER_PATH)/SwiftDataProject";
			};
			name = Debug;
		};
		CAD8D2902CD07D72007B628F /* Release */ = {
			isa = XCBuildConfiguration;
			buildSettings = {
				ALWAYS_EMBED_SWIFT_STANDARD_LIBRARIES = YES;
				BUNDLE_LOADER = "$(TEST_HOST)";
				CODE_SIGN_STYLE = Automatic;
				CURRENT_PROJECT_VERSION = 1;
				GENERATE_INFOPLIST_FILE = YES;
				IPHONEOS_DEPLOYMENT_TARGET = 17.2;
				MARKETING_VERSION = 1.0;
				PRODUCT_BUNDLE_IDENTIFIER = com.jjmadel.coreData.SwiftDataProjectTests;
				PRODUCT_NAME = "$(TARGET_NAME)";
				SWIFT_EMIT_LOC_STRINGS = NO;
				SWIFT_VERSION = 5.0;
				TARGETED_DEVICE_FAMILY = "1,2";
				TEST_HOST = "$(BUILT_PRODUCTS_DIR)/SwiftDataProject.app/$(BUNDLE_EXECUTABLE_FOLDER_PATH)/SwiftDataProject";
			};
			name = Release;
		};
		CAD8D2922CD07D72007B628F /* Debug */ = {
			isa = XCBuildConfiguration;
			buildSettings = {
				ALWAYS_EMBED_SWIFT_STANDARD_LIBRARIES = YES;
				CODE_SIGN_STYLE = Automatic;
				CURRENT_PROJECT_VERSION = 1;
				GENERATE_INFOPLIST_FILE = YES;
				MARKETING_VERSION = 1.0;
				PRODUCT_BUNDLE_IDENTIFIER = com.jjmadel.coreData.SwiftDataProjectUITests;
				PRODUCT_NAME = "$(TARGET_NAME)";
				SWIFT_EMIT_LOC_STRINGS = NO;
				SWIFT_VERSION = 5.0;
				TARGETED_DEVICE_FAMILY = "1,2";
				TEST_TARGET_NAME = SwiftDataProject;
			};
			name = Debug;
		};
		CAD8D2932CD07D72007B628F /* Release */ = {
			isa = XCBuildConfiguration;
			buildSettings = {
				ALWAYS_EMBED_SWIFT_STANDARD_LIBRARIES = YES;
				CODE_SIGN_STYLE = Automatic;
				CURRENT_PROJECT_VERSION = 1;
				GENERATE_INFOPLIST_FILE = YES;
				MARKETING_VERSION = 1.0;
				PRODUCT_BUNDLE_IDENTIFIER = com.jjmadel.coreData.SwiftDataProjectUITests;
				PRODUCT_NAME = "$(TARGET_NAME)";
				SWIFT_EMIT_LOC_STRINGS = NO;
				SWIFT_VERSION = 5.0;
				TARGETED_DEVICE_FAMILY = "1,2";
				TEST_TARGET_NAME = SwiftDataProject;
			};
			name = Release;
		};
/* End XCBuildConfiguration section */

/* Begin XCConfigurationList section */
		CAD8D2602CD07D70007B628F /* Build configuration list for PBXProject "SwiftDataProject" */ = {
			isa = XCConfigurationList;
			buildConfigurations = (
				CAD8D2892CD07D72007B628F /* Debug */,
				CAD8D28A2CD07D72007B628F /* Release */,
			);
			defaultConfigurationIsVisible = 0;
			defaultConfigurationName = Release;
		};
		CAD8D28B2CD07D72007B628F /* Build configuration list for PBXNativeTarget "SwiftDataProject" */ = {
			isa = XCConfigurationList;
			buildConfigurations = (
				CAD8D28C2CD07D72007B628F /* Debug */,
				CAD8D28D2CD07D72007B628F /* Release */,
			);
			defaultConfigurationIsVisible = 0;
			defaultConfigurationName = Release;
		};
		CAD8D28E2CD07D72007B628F /* Build configuration list for PBXNativeTarget "SwiftDataProjectTests" */ = {
			isa = XCConfigurationList;
			buildConfigurations = (
				CAD8D28F2CD07D72007B628F /* Debug */,
				CAD8D2902CD07D72007B628F /* Release */,
			);
			defaultConfigurationIsVisible = 0;
			defaultConfigurationName = Release;
		};
		CAD8D2912CD07D72007B628F /* Build configuration list for PBXNativeTarget "SwiftDataProjectUITests" */ = {
			isa = XCConfigurationList;
			buildConfigurations = (
				CAD8D2922CD07D72007B628F /* Debug */,
				CAD8D2932CD07D72007B628F /* Release */,
			);
			defaultConfigurationIsVisible = 0;
			defaultConfigurationName = Release;
		};
/* End XCConfigurationList section */
	};
	rootObject = CAD8D25D2CD07D70007B628F /* Project object */;
}
