// !$*UTF8*$!
{
	archiveVersion = 1;
	classes = {
	};
	objectVersion = 56;
	objects = {

/* Begin PBXBuildFile section */
		CA48293E2B60AB510058DB8C /* SwiftUI100DaysApp.swift in Sources */ = {isa = PBXBuildFile; fileRef = CA48293D2B60AB510058DB8C /* SwiftUI100DaysApp.swift */; };
		CA4829402B60AB510058DB8C /* ContentView.swift in Sources */ = {isa = PBXBuildFile; fileRef = CA48293F2B60AB510058DB8C /* ContentView.swift */; };
		CA4829422B60AB520058DB8C /* Assets.xcassets in Resources */ = {isa = PBXBuildFile; fileRef = CA4829412B60AB520058DB8C /* Assets.xcassets */; };
		CA4829452B60AB520058DB8C /* Preview Assets.xcassets in Resources */ = {isa = PBXBuildFile; fileRef = CA4829442B60AB520058DB8C /* Preview Assets.xcassets */; };
		CA4829472B60AB520058DB8C /* Persistence.swift in Sources */ = {isa = PBXBuildFile; fileRef = CA4829462B60AB520058DB8C /* Persistence.swift */; };
		CA48294A2B60AB520058DB8C /* SwiftUI100Days.xcdatamodeld in Sources */ = {isa = PBXBuildFile; fileRef = CA4829482B60AB520058DB8C /* SwiftUI100Days.xcdatamodeld */; };
		CA4829542B60AB520058DB8C /* SwiftUI100DaysTests.swift in Sources */ = {isa = PBXBuildFile; fileRef = CA4829532B60AB520058DB8C /* SwiftUI100DaysTests.swift */; };
		CA48295E2B60AB520058DB8C /* SwiftUI100DaysUITests.swift in Sources */ = {isa = PBXBuildFile; fileRef = CA48295D2B60AB520058DB8C /* SwiftUI100DaysUITests.swift */; };
		CA4829602B60AB520058DB8C /* SwiftUI100DaysUITestsLaunchTests.swift in Sources */ = {isa = PBXBuildFile; fileRef = CA48295F2B60AB520058DB8C /* SwiftUI100DaysUITestsLaunchTests.swift */; };
		CA48296D2B60AEB10058DB8C /* ClassesType.swift in Sources */ = {isa = PBXBuildFile; fileRef = CA48296C2B60AEB10058DB8C /* ClassesType.swift */; };
		CA4829702B60AFF20058DB8C /* ImageExample.swift in Sources */ = {isa = PBXBuildFile; fileRef = CA48296F2B60AFF20058DB8C /* ImageExample.swift */; };
		CA4829732B60B0C90058DB8C /* FormExample.swift in Sources */ = {isa = PBXBuildFile; fileRef = CA4829722B60B0C90058DB8C /* FormExample.swift */; };
		CA4829782B6353EF0058DB8C /* StateExample.swift in Sources */ = {isa = PBXBuildFile; fileRef = CA4829772B6353EF0058DB8C /* StateExample.swift */; };
		CA48297B2B635D710058DB8C /* ViewLoopExample.swift in Sources */ = {isa = PBXBuildFile; fileRef = CA48297A2B635D710058DB8C /* ViewLoopExample.swift */; };
		CA5AEAD52B68918E006FCB5E /* StacksExample.swift in Sources */ = {isa = PBXBuildFile; fileRef = CA5AEAD42B68918E006FCB5E /* StacksExample.swift */; };
		CA5AEAD82B6B2042006FCB5E /* GradientsExample.swift in Sources */ = {isa = PBXBuildFile; fileRef = CA5AEAD72B6B2042006FCB5E /* GradientsExample.swift */; };
		CA5AEADB2B730086006FCB5E /* GuessTheFlagExample.swift in Sources */ = {isa = PBXBuildFile; fileRef = CA5AEADA2B730086006FCB5E /* GuessTheFlagExample.swift */; };
		CA5AEADE2B9AAA7E006FCB5E /* CustomModifierExample.swift in Sources */ = {isa = PBXBuildFile; fileRef = CA5AEADD2B9AAA7E006FCB5E /* CustomModifierExample.swift */; };
		CA5AEAE12B9AAC4E006FCB5E /* CustomContainerExample.swift in Sources */ = {isa = PBXBuildFile; fileRef = CA5AEAE02B9AAC4E006FCB5E /* CustomContainerExample.swift */; };
		CA5AEAE42B9FF5BA006FCB5E /* PickerExample.swift in Sources */ = {isa = PBXBuildFile; fileRef = CA5AEAE32B9FF5BA006FCB5E /* PickerExample.swift */; };
		CA5AEAE72BA24EDD006FCB5E /* CoreMLExample.swift in Sources */ = {isa = PBXBuildFile; fileRef = CA5AEAE62BA24EDD006FCB5E /* CoreMLExample.swift */; };
		CA5AEAEB2BA2634B006FCB5E /* SleepCalculator.mlmodel in Sources */ = {isa = PBXBuildFile; fileRef = CA5AEAEA2BA2634B006FCB5E /* SleepCalculator.mlmodel */; };
		CA5AEAEE2BAD2007006FCB5E /* ListExample.swift in Sources */ = {isa = PBXBuildFile; fileRef = CA5AEAED2BAD2007006FCB5E /* ListExample.swift */; };
		CA5AEAF02BB22322006FCB5E /* start.txt in Resources */ = {isa = PBXBuildFile; fileRef = CA5AEAEF2BB22322006FCB5E /* start.txt */; };
		CA5AEAF32BEC6FE5006FCB5E /* AnimationExample.swift in Sources */ = {isa = PBXBuildFile; fileRef = CA5AEAF22BEC6FE5006FCB5E /* AnimationExample.swift */; };
		CA5AEAF52BFC4022006FCB5E /* AnimationControlling.swift in Sources */ = {isa = PBXBuildFile; fileRef = CA5AEAF42BFC4022006FCB5E /* AnimationControlling.swift */; };
		CA5AEAF82BFD8C43006FCB5E /* StateWithClass.swift in Sources */ = {isa = PBXBuildFile; fileRef = CA5AEAF72BFD8C43006FCB5E /* StateWithClass.swift */; };
		CA5AEAFA2BFED984006FCB5E /* SheetExample.swift in Sources */ = {isa = PBXBuildFile; fileRef = CA5AEAF92BFED984006FCB5E /* SheetExample.swift */; };
		CA5AEAFC2C002CFF006FCB5E /* DeleteListMacroExample.swift in Sources */ = {isa = PBXBuildFile; fileRef = CA5AEAFB2C002CFF006FCB5E /* DeleteListMacroExample.swift */; };
		CA5AEAFE2C00324A006FCB5E /* AddView.swift in Sources */ = {isa = PBXBuildFile; fileRef = CA5AEAFD2C00324A006FCB5E /* AddView.swift */; };
		CA5AEB012C06C8B1006FCB5E /* ImagesExample.swift in Sources */ = {isa = PBXBuildFile; fileRef = CA5AEB002C06C8B1006FCB5E /* ImagesExample.swift */; };
		CA5AEB042C096AE3006FCB5E /* NavigationExample.swift in Sources */ = {isa = PBXBuildFile; fileRef = CA5AEB032C096AE3006FCB5E /* NavigationExample.swift */; };
		CA5AEB072C096C7A006FCB5E /* HierachicalExample.swift in Sources */ = {isa = PBXBuildFile; fileRef = CA5AEB062C096C7A006FCB5E /* HierachicalExample.swift */; };
		CA5AEB0A2C0FAE98006FCB5E /* astronauts.json in Resources */ = {isa = PBXBuildFile; fileRef = CA5AEB082C0FAE98006FCB5E /* astronauts.json */; };
		CA5AEB0B2C0FAE98006FCB5E /* missions.json in Resources */ = {isa = PBXBuildFile; fileRef = CA5AEB092C0FAE98006FCB5E /* missions.json */; };
		CA5AEB0E2C0FAF13006FCB5E /* Astronaut.swift in Sources */ = {isa = PBXBuildFile; fileRef = CA5AEB0D2C0FAF13006FCB5E /* Astronaut.swift */; };
		CA5AEB102C0FAF7C006FCB5E /* Bundle-Decodable.swift in Sources */ = {isa = PBXBuildFile; fileRef = CA5AEB0F2C0FAF7C006FCB5E /* Bundle-Decodable.swift */; };
		CA5AEB132C0FBAFB006FCB5E /* CodableAstronautExample.swift in Sources */ = {isa = PBXBuildFile; fileRef = CA5AEB122C0FBAFB006FCB5E /* CodableAstronautExample.swift */; };
		CA5AEB162C114DEF006FCB5E /* Mision.swift in Sources */ = {isa = PBXBuildFile; fileRef = CA5AEB152C114DEF006FCB5E /* Mision.swift */; };
		CA5AEB182C115E5C006FCB5E /* Color-Theme.swift in Sources */ = {isa = PBXBuildFile; fileRef = CA5AEB172C115E5C006FCB5E /* Color-Theme.swift */; };
		CAC8C4492C25FE930029B6DD /* MissionView.swift in Sources */ = {isa = PBXBuildFile; fileRef = CAC8C4482C25FE930029B6DD /* MissionView.swift */; };
		CAC8C44B2C2615940029B6DD /* AstronautView.swift in Sources */ = {isa = PBXBuildFile; fileRef = CAC8C44A2C2615940029B6DD /* AstronautView.swift */; };
		CAC8C44D2C2620770029B6DD /* GridLayout.swift in Sources */ = {isa = PBXBuildFile; fileRef = CAC8C44C2C2620770029B6DD /* GridLayout.swift */; };
		CAC8C44F2C262F280029B6DD /* ListLayout.swift in Sources */ = {isa = PBXBuildFile; fileRef = CAC8C44E2C262F280029B6DD /* ListLayout.swift */; };
		CAC8C4522C2A0AEC0029B6DD /* NavigationStackExample.swift in Sources */ = {isa = PBXBuildFile; fileRef = CAC8C4512C2A0AEC0029B6DD /* NavigationStackExample.swift */; };
		CAC8C4542C2A53510029B6DD /* NavigationStackBackExample.swift in Sources */ = {isa = PBXBuildFile; fileRef = CAC8C4532C2A53510029B6DD /* NavigationStackBackExample.swift */; };
		CAC8C4562C2B70C30029B6DD /* NavigationStackAppearanceExample.swift in Sources */ = {isa = PBXBuildFile; fileRef = CAC8C4552C2B70C30029B6DD /* NavigationStackAppearanceExample.swift */; };
		CAC8C4592C2B787C0029B6DD /* URLSessionExample.swift in Sources */ = {isa = PBXBuildFile; fileRef = CAC8C4582C2B787C0029B6DD /* URLSessionExample.swift */; };
		CAC8C4602C48B3790029B6DD /* UserCodable.swift in Sources */ = {isa = PBXBuildFile; fileRef = CAC8C45F2C48B3790029B6DD /* UserCodable.swift */; };
		CAC8C4622C48BF6F0029B6DD /* OrderExample.swift in Sources */ = {isa = PBXBuildFile; fileRef = CAC8C4612C48BF6F0029B6DD /* OrderExample.swift */; };
		CAC8C4642C48C1A40029B6DD /* AddressViewExample.swift in Sources */ = {isa = PBXBuildFile; fileRef = CAC8C4632C48C1A40029B6DD /* AddressViewExample.swift */; };
		CAC8C4662C49F9A00029B6DD /* CheckoutView.swift in Sources */ = {isa = PBXBuildFile; fileRef = CAC8C4652C49F9A00029B6DD /* CheckoutView.swift */; };
		CAC8C4692C588CDF0029B6DD /* BindingExample.swift in Sources */ = {isa = PBXBuildFile; fileRef = CAC8C4682C588CDF0029B6DD /* BindingExample.swift */; };
		CAC8C46B2C59CC360029B6DD /* UITextViewExample.swift in Sources */ = {isa = PBXBuildFile; fileRef = CAC8C46A2C59CC360029B6DD /* UITextViewExample.swift */; };
		CAC8C46E2C5B2AFC0029B6DD /* MacroObservableExample.swift in Sources */ = {isa = PBXBuildFile; fileRef = CAC8C46D2C5B2AFC0029B6DD /* MacroObservableExample.swift */; };
		CAD8D3CE2D5C4899007B628F /* ShareLinkView.swift in Sources */ = {isa = PBXBuildFile; fileRef = CAD8D3CD2D5C4899007B628F /* ShareLinkView.swift */; };
		CAD8D3D02D5C48DB007B628F /* PhotPicker.swift in Sources */ = {isa = PBXBuildFile; fileRef = CAD8D3CF2D5C48DB007B628F /* PhotPicker.swift */; };
		CAD8D3D22D5C491F007B628F /* EmptyState.swift in Sources */ = {isa = PBXBuildFile; fileRef = CAD8D3D12D5C491F007B628F /* EmptyState.swift */; };
		CAD8D3D42D5C493C007B628F /* AppStoreReview.swift in Sources */ = {isa = PBXBuildFile; fileRef = CAD8D3D32D5C493C007B628F /* AppStoreReview.swift */; };
/* End PBXBuildFile section */

/* Begin PBXContainerItemProxy section */
		CA4829502B60AB520058DB8C /* PBXContainerItemProxy */ = {
			isa = PBXContainerItemProxy;
			containerPortal = CA4829322B60AB510058DB8C /* Project object */;
			proxyType = 1;
			remoteGlobalIDString = CA4829392B60AB510058DB8C;
			remoteInfo = SwiftUI100Days;
		};
		CA48295A2B60AB520058DB8C /* PBXContainerItemProxy */ = {
			isa = PBXContainerItemProxy;
			containerPortal = CA4829322B60AB510058DB8C /* Project object */;
			proxyType = 1;
			remoteGlobalIDString = CA4829392B60AB510058DB8C;
			remoteInfo = SwiftUI100Days;
		};
/* End PBXContainerItemProxy section */

/* Begin PBXFileReference section */
		CA48293A2B60AB510058DB8C /* SwiftUI100Days.app */ = {isa = PBXFileReference; explicitFileType = wrapper.application; includeInIndex = 0; path = SwiftUI100Days.app; sourceTree = BUILT_PRODUCTS_DIR; };
		CA48293D2B60AB510058DB8C /* SwiftUI100DaysApp.swift */ = {isa = PBXFileReference; lastKnownFileType = sourcecode.swift; path = SwiftUI100DaysApp.swift; sourceTree = "<group>"; };
		CA48293F2B60AB510058DB8C /* ContentView.swift */ = {isa = PBXFileReference; lastKnownFileType = sourcecode.swift; path = ContentView.swift; sourceTree = "<group>"; };
		CA4829412B60AB520058DB8C /* Assets.xcassets */ = {isa = PBXFileReference; lastKnownFileType = folder.assetcatalog; path = Assets.xcassets; sourceTree = "<group>"; };
		CA4829442B60AB520058DB8C /* Preview Assets.xcassets */ = {isa = PBXFileReference; lastKnownFileType = folder.assetcatalog; path = "Preview Assets.xcassets"; sourceTree = "<group>"; };
		CA4829462B60AB520058DB8C /* Persistence.swift */ = {isa = PBXFileReference; lastKnownFileType = sourcecode.swift; path = Persistence.swift; sourceTree = "<group>"; };
		CA4829492B60AB520058DB8C /* SwiftUI100Days.xcdatamodel */ = {isa = PBXFileReference; lastKnownFileType = wrapper.xcdatamodel; path = SwiftUI100Days.xcdatamodel; sourceTree = "<group>"; };
		CA48294F2B60AB520058DB8C /* SwiftUI100DaysTests.xctest */ = {isa = PBXFileReference; explicitFileType = wrapper.cfbundle; includeInIndex = 0; path = SwiftUI100DaysTests.xctest; sourceTree = BUILT_PRODUCTS_DIR; };
		CA4829532B60AB520058DB8C /* SwiftUI100DaysTests.swift */ = {isa = PBXFileReference; lastKnownFileType = sourcecode.swift; path = SwiftUI100DaysTests.swift; sourceTree = "<group>"; };
		CA4829592B60AB520058DB8C /* SwiftUI100DaysUITests.xctest */ = {isa = PBXFileReference; explicitFileType = wrapper.cfbundle; includeInIndex = 0; path = SwiftUI100DaysUITests.xctest; sourceTree = BUILT_PRODUCTS_DIR; };
		CA48295D2B60AB520058DB8C /* SwiftUI100DaysUITests.swift */ = {isa = PBXFileReference; lastKnownFileType = sourcecode.swift; path = SwiftUI100DaysUITests.swift; sourceTree = "<group>"; };
		CA48295F2B60AB520058DB8C /* SwiftUI100DaysUITestsLaunchTests.swift */ = {isa = PBXFileReference; lastKnownFileType = sourcecode.swift; path = SwiftUI100DaysUITestsLaunchTests.swift; sourceTree = "<group>"; };
		CA48296C2B60AEB10058DB8C /* ClassesType.swift */ = {isa = PBXFileReference; lastKnownFileType = sourcecode.swift; path = ClassesType.swift; sourceTree = "<group>"; };
		CA48296F2B60AFF20058DB8C /* ImageExample.swift */ = {isa = PBXFileReference; lastKnownFileType = sourcecode.swift; path = ImageExample.swift; sourceTree = "<group>"; };
		CA4829722B60B0C90058DB8C /* FormExample.swift */ = {isa = PBXFileReference; lastKnownFileType = sourcecode.swift; path = FormExample.swift; sourceTree = "<group>"; };
		CA4829772B6353EF0058DB8C /* StateExample.swift */ = {isa = PBXFileReference; lastKnownFileType = sourcecode.swift; path = StateExample.swift; sourceTree = "<group>"; };
		CA48297A2B635D710058DB8C /* ViewLoopExample.swift */ = {isa = PBXFileReference; lastKnownFileType = sourcecode.swift; path = ViewLoopExample.swift; sourceTree = "<group>"; };
		CA5AEAD42B68918E006FCB5E /* StacksExample.swift */ = {isa = PBXFileReference; lastKnownFileType = sourcecode.swift; path = StacksExample.swift; sourceTree = "<group>"; };
		CA5AEAD72B6B2042006FCB5E /* GradientsExample.swift */ = {isa = PBXFileReference; lastKnownFileType = sourcecode.swift; path = GradientsExample.swift; sourceTree = "<group>"; };
		CA5AEADA2B730086006FCB5E /* GuessTheFlagExample.swift */ = {isa = PBXFileReference; lastKnownFileType = sourcecode.swift; path = GuessTheFlagExample.swift; sourceTree = "<group>"; };
		CA5AEADD2B9AAA7E006FCB5E /* CustomModifierExample.swift */ = {isa = PBXFileReference; lastKnownFileType = sourcecode.swift; path = CustomModifierExample.swift; sourceTree = "<group>"; };
		CA5AEAE02B9AAC4E006FCB5E /* CustomContainerExample.swift */ = {isa = PBXFileReference; lastKnownFileType = sourcecode.swift; path = CustomContainerExample.swift; sourceTree = "<group>"; };
		CA5AEAE32B9FF5BA006FCB5E /* PickerExample.swift */ = {isa = PBXFileReference; lastKnownFileType = sourcecode.swift; path = PickerExample.swift; sourceTree = "<group>"; };
		CA5AEAE62BA24EDD006FCB5E /* CoreMLExample.swift */ = {isa = PBXFileReference; lastKnownFileType = sourcecode.swift; path = CoreMLExample.swift; sourceTree = "<group>"; };
		CA5AEAEA2BA2634B006FCB5E /* SleepCalculator.mlmodel */ = {isa = PBXFileReference; lastKnownFileType = file.mlmodel; name = SleepCalculator.mlmodel; path = ../../../coreML/SleepCalculator.mlmodel; sourceTree = "<group>"; };
		CA5AEAED2BAD2007006FCB5E /* ListExample.swift */ = {isa = PBXFileReference; lastKnownFileType = sourcecode.swift; path = ListExample.swift; sourceTree = "<group>"; };
		CA5AEAEF2BB22322006FCB5E /* start.txt */ = {isa = PBXFileReference; fileEncoding = 4; lastKnownFileType = text; path = start.txt; sourceTree = "<group>"; };
		CA5AEAF22BEC6FE5006FCB5E /* AnimationExample.swift */ = {isa = PBXFileReference; lastKnownFileType = sourcecode.swift; path = AnimationExample.swift; sourceTree = "<group>"; };
		CA5AEAF42BFC4022006FCB5E /* AnimationControlling.swift */ = {isa = PBXFileReference; lastKnownFileType = sourcecode.swift; path = AnimationControlling.swift; sourceTree = "<group>"; };
		CA5AEAF72BFD8C43006FCB5E /* StateWithClass.swift */ = {isa = PBXFileReference; lastKnownFileType = sourcecode.swift; path = StateWithClass.swift; sourceTree = "<group>"; };
		CA5AEAF92BFED984006FCB5E /* SheetExample.swift */ = {isa = PBXFileReference; lastKnownFileType = sourcecode.swift; path = SheetExample.swift; sourceTree = "<group>"; };
		CA5AEAFB2C002CFF006FCB5E /* DeleteListMacroExample.swift */ = {isa = PBXFileReference; lastKnownFileType = sourcecode.swift; path = DeleteListMacroExample.swift; sourceTree = "<group>"; };
		CA5AEAFD2C00324A006FCB5E /* AddView.swift */ = {isa = PBXFileReference; lastKnownFileType = sourcecode.swift; path = AddView.swift; sourceTree = "<group>"; };
		CA5AEB002C06C8B1006FCB5E /* ImagesExample.swift */ = {isa = PBXFileReference; lastKnownFileType = sourcecode.swift; path = ImagesExample.swift; sourceTree = "<group>"; };
		CA5AEB032C096AE3006FCB5E /* NavigationExample.swift */ = {isa = PBXFileReference; lastKnownFileType = sourcecode.swift; path = NavigationExample.swift; sourceTree = "<group>"; };
		CA5AEB062C096C7A006FCB5E /* HierachicalExample.swift */ = {isa = PBXFileReference; lastKnownFileType = sourcecode.swift; path = HierachicalExample.swift; sourceTree = "<group>"; };
		CA5AEB082C0FAE98006FCB5E /* astronauts.json */ = {isa = PBXFileReference; fileEncoding = 4; lastKnownFileType = text.json; path = astronauts.json; sourceTree = "<group>"; };
		CA5AEB092C0FAE98006FCB5E /* missions.json */ = {isa = PBXFileReference; fileEncoding = 4; lastKnownFileType = text.json; path = missions.json; sourceTree = "<group>"; };
		CA5AEB0D2C0FAF13006FCB5E /* Astronaut.swift */ = {isa = PBXFileReference; lastKnownFileType = sourcecode.swift; path = Astronaut.swift; sourceTree = "<group>"; };
		CA5AEB0F2C0FAF7C006FCB5E /* Bundle-Decodable.swift */ = {isa = PBXFileReference; lastKnownFileType = sourcecode.swift; path = "Bundle-Decodable.swift"; sourceTree = "<group>"; };
		CA5AEB122C0FBAFB006FCB5E /* CodableAstronautExample.swift */ = {isa = PBXFileReference; lastKnownFileType = sourcecode.swift; path = CodableAstronautExample.swift; sourceTree = "<group>"; };
		CA5AEB152C114DEF006FCB5E /* Mision.swift */ = {isa = PBXFileReference; lastKnownFileType = sourcecode.swift; path = Mision.swift; sourceTree = "<group>"; };
		CA5AEB172C115E5C006FCB5E /* Color-Theme.swift */ = {isa = PBXFileReference; lastKnownFileType = sourcecode.swift; path = "Color-Theme.swift"; sourceTree = "<group>"; };
		CAC8C4482C25FE930029B6DD /* MissionView.swift */ = {isa = PBXFileReference; lastKnownFileType = sourcecode.swift; path = MissionView.swift; sourceTree = "<group>"; };
		CAC8C44A2C2615940029B6DD /* AstronautView.swift */ = {isa = PBXFileReference; lastKnownFileType = sourcecode.swift; path = AstronautView.swift; sourceTree = "<group>"; };
		CAC8C44C2C2620770029B6DD /* GridLayout.swift */ = {isa = PBXFileReference; lastKnownFileType = sourcecode.swift; path = GridLayout.swift; sourceTree = "<group>"; };
		CAC8C44E2C262F280029B6DD /* ListLayout.swift */ = {isa = PBXFileReference; lastKnownFileType = sourcecode.swift; path = ListLayout.swift; sourceTree = "<group>"; };
		CAC8C4512C2A0AEC0029B6DD /* NavigationStackExample.swift */ = {isa = PBXFileReference; lastKnownFileType = sourcecode.swift; path = NavigationStackExample.swift; sourceTree = "<group>"; };
		CAC8C4532C2A53510029B6DD /* NavigationStackBackExample.swift */ = {isa = PBXFileReference; lastKnownFileType = sourcecode.swift; path = NavigationStackBackExample.swift; sourceTree = "<group>"; };
		CAC8C4552C2B70C30029B6DD /* NavigationStackAppearanceExample.swift */ = {isa = PBXFileReference; lastKnownFileType = sourcecode.swift; path = NavigationStackAppearanceExample.swift; sourceTree = "<group>"; };
		CAC8C4582C2B787C0029B6DD /* URLSessionExample.swift */ = {isa = PBXFileReference; lastKnownFileType = sourcecode.swift; path = URLSessionExample.swift; sourceTree = "<group>"; };
		CAC8C45F2C48B3790029B6DD /* UserCodable.swift */ = {isa = PBXFileReference; lastKnownFileType = sourcecode.swift; path = UserCodable.swift; sourceTree = "<group>"; };
		CAC8C4612C48BF6F0029B6DD /* OrderExample.swift */ = {isa = PBXFileReference; lastKnownFileType = sourcecode.swift; path = OrderExample.swift; sourceTree = "<group>"; };
		CAC8C4632C48C1A40029B6DD /* AddressViewExample.swift */ = {isa = PBXFileReference; lastKnownFileType = sourcecode.swift; path = AddressViewExample.swift; sourceTree = "<group>"; };
		CAC8C4652C49F9A00029B6DD /* CheckoutView.swift */ = {isa = PBXFileReference; lastKnownFileType = sourcecode.swift; path = CheckoutView.swift; sourceTree = "<group>"; };
		CAC8C4682C588CDF0029B6DD /* BindingExample.swift */ = {isa = PBXFileReference; lastKnownFileType = sourcecode.swift; path = BindingExample.swift; sourceTree = "<group>"; };
		CAC8C46A2C59CC360029B6DD /* UITextViewExample.swift */ = {isa = PBXFileReference; lastKnownFileType = sourcecode.swift; path = UITextViewExample.swift; sourceTree = "<group>"; };
		CAC8C46D2C5B2AFC0029B6DD /* MacroObservableExample.swift */ = {isa = PBXFileReference; lastKnownFileType = sourcecode.swift; path = MacroObservableExample.swift; sourceTree = "<group>"; };
		CAD8D3CD2D5C4899007B628F /* ShareLinkView.swift */ = {isa = PBXFileReference; lastKnownFileType = sourcecode.swift; path = ShareLinkView.swift; sourceTree = "<group>"; };
		CAD8D3CF2D5C48DB007B628F /* PhotPicker.swift */ = {isa = PBXFileReference; lastKnownFileType = sourcecode.swift; path = PhotPicker.swift; sourceTree = "<group>"; };
		CAD8D3D12D5C491F007B628F /* EmptyState.swift */ = {isa = PBXFileReference; lastKnownFileType = sourcecode.swift; path = EmptyState.swift; sourceTree = "<group>"; };
		CAD8D3D32D5C493C007B628F /* AppStoreReview.swift */ = {isa = PBXFileReference; lastKnownFileType = sourcecode.swift; path = AppStoreReview.swift; sourceTree = "<group>"; };
/* End PBXFileReference section */

/* Begin PBXFrameworksBuildPhase section */
		CA4829372B60AB510058DB8C /* Frameworks */ = {
			isa = PBXFrameworksBuildPhase;
			buildActionMask = 2147483647;
			files = (
			);
			runOnlyForDeploymentPostprocessing = 0;
		};
		CA48294C2B60AB520058DB8C /* Frameworks */ = {
			isa = PBXFrameworksBuildPhase;
			buildActionMask = 2147483647;
			files = (
			);
			runOnlyForDeploymentPostprocessing = 0;
		};
		CA4829562B60AB520058DB8C /* Frameworks */ = {
			isa = PBXFrameworksBuildPhase;
			buildActionMask = 2147483647;
			files = (
			);
			runOnlyForDeploymentPostprocessing = 0;
		};
/* End PBXFrameworksBuildPhase section */

/* Begin PBXGroup section */
		CA4829312B60AB510058DB8C = {
			isa = PBXGroup;
			children = (
				CA48293C2B60AB510058DB8C /* SwiftUI100Days */,
				CA4829522B60AB520058DB8C /* SwiftUI100DaysTests */,
				CA48295C2B60AB520058DB8C /* SwiftUI100DaysUITests */,
				CA48293B2B60AB510058DB8C /* Products */,
			);
			sourceTree = "<group>";
		};
		CA48293B2B60AB510058DB8C /* Products */ = {
			isa = PBXGroup;
			children = (
				CA48293A2B60AB510058DB8C /* SwiftUI100Days.app */,
				CA48294F2B60AB520058DB8C /* SwiftUI100DaysTests.xctest */,
				CA4829592B60AB520058DB8C /* SwiftUI100DaysUITests.xctest */,
			);
			name = Products;
			sourceTree = "<group>";
		};
		CA48293C2B60AB510058DB8C /* SwiftUI100Days */ = {
			isa = PBXGroup;
			children = (
				CAD8D3CC2D5C4887007B628F /* ShareLink */,
				CAD8D3CB2D5C487C007B628F /* PhotoPicker */,
				CAD8D3C92D5C4864007B628F /* RequestReview */,
				CAD8D3C82D5C485B007B628F /* EmptyState */,
				CAC8C4672C588CCC0029B6DD /* Binding */,
				CAC8C4572C2B786C0029B6DD /* URLSession */,
				CAC8C4502C2A0ADA0029B6DD /* NavigationStack */,
				CA5AEB0C2C0FAF03006FCB5E /* Codable */,
				CA5AEB082C0FAE98006FCB5E /* astronauts.json */,
				CA5AEB092C0FAE98006FCB5E /* missions.json */,
				CA5AEB052C096C64006FCB5E /* View Hierarchical */,
				CA5AEB022C096AD8006FCB5E /* Navigation */,
				CA5AEAFF2C06C8A2006FCB5E /* Images */,
				CA5AEAF62BFD8C2E006FCB5E /* Showing and hiding view */,
				CA5AEAF12BEC6FD3006FCB5E /* Animations */,
				CA5AEAEF2BB22322006FCB5E /* start.txt */,
				CA5AEAEC2BAD1EEF006FCB5E /* List */,
				CA5AEAE52BA246DC006FCB5E /* Core ML */,
				CA5AEAE22B9FF5AA006FCB5E /* Pickers */,
				CA5AEADF2B9AAC3C006FCB5E /* Containers */,
				CA5AEADC2B9AAA6A006FCB5E /* Modifiers */,
				CA5AEAD92B730053006FCB5E /* GuessTheFlag */,
				CA5AEAD62B6B202D006FCB5E /* Gradients */,
				CA5AEAD32B68917D006FCB5E /* Stacks */,
				CA4829792B635D4C0058DB8C /* Views in Loop */,
				CA4829742B6353970058DB8C /* State */,
				CA4829712B60B0BB0058DB8C /* Form And Nav Bar */,
				CA48296E2B60AF9F0058DB8C /* Image */,
				CA48293D2B60AB510058DB8C /* SwiftUI100DaysApp.swift */,
				CA48293F2B60AB510058DB8C /* ContentView.swift */,
				CA4829412B60AB520058DB8C /* Assets.xcassets */,
				CA4829462B60AB520058DB8C /* Persistence.swift */,
				CA4829482B60AB520058DB8C /* SwiftUI100Days.xcdatamodeld */,
				CA4829432B60AB520058DB8C /* Preview Content */,
				CA48296C2B60AEB10058DB8C /* ClassesType.swift */,
			);
			path = SwiftUI100Days;
			sourceTree = "<group>";
		};
		CA4829432B60AB520058DB8C /* Preview Content */ = {
			isa = PBXGroup;
			children = (
				CA4829442B60AB520058DB8C /* Preview Assets.xcassets */,
			);
			path = "Preview Content";
			sourceTree = "<group>";
		};
		CA4829522B60AB520058DB8C /* SwiftUI100DaysTests */ = {
			isa = PBXGroup;
			children = (
				CA4829532B60AB520058DB8C /* SwiftUI100DaysTests.swift */,
			);
			path = SwiftUI100DaysTests;
			sourceTree = "<group>";
		};
		CA48295C2B60AB520058DB8C /* SwiftUI100DaysUITests */ = {
			isa = PBXGroup;
			children = (
				CA48295D2B60AB520058DB8C /* SwiftUI100DaysUITests.swift */,
				CA48295F2B60AB520058DB8C /* SwiftUI100DaysUITestsLaunchTests.swift */,
			);
			path = SwiftUI100DaysUITests;
			sourceTree = "<group>";
		};
		CA48296E2B60AF9F0058DB8C /* Image */ = {
			isa = PBXGroup;
			children = (
				CA48296F2B60AFF20058DB8C /* ImageExample.swift */,
			);
			path = Image;
			sourceTree = "<group>";
		};
		CA4829712B60B0BB0058DB8C /* Form And Nav Bar */ = {
			isa = PBXGroup;
			children = (
				CA4829722B60B0C90058DB8C /* FormExample.swift */,
			);
			path = "Form And Nav Bar";
			sourceTree = "<group>";
		};
		CA4829742B6353970058DB8C /* State */ = {
			isa = PBXGroup;
			children = (
				CA4829772B6353EF0058DB8C /* StateExample.swift */,
				CA5AEAF72BFD8C43006FCB5E /* StateWithClass.swift */,
			);
			path = State;
			sourceTree = "<group>";
		};
		CA4829792B635D4C0058DB8C /* Views in Loop */ = {
			isa = PBXGroup;
			children = (
				CA48297A2B635D710058DB8C /* ViewLoopExample.swift */,
			);
			path = "Views in Loop";
			sourceTree = "<group>";
		};
		CA5AEAD32B68917D006FCB5E /* Stacks */ = {
			isa = PBXGroup;
			children = (
				CA5AEAD42B68918E006FCB5E /* StacksExample.swift */,
			);
			path = Stacks;
			sourceTree = "<group>";
		};
		CA5AEAD62B6B202D006FCB5E /* Gradients */ = {
			isa = PBXGroup;
			children = (
				CA5AEAD72B6B2042006FCB5E /* GradientsExample.swift */,
			);
			path = Gradients;
			sourceTree = "<group>";
		};
		CA5AEAD92B730053006FCB5E /* GuessTheFlag */ = {
			isa = PBXGroup;
			children = (
				CA5AEADA2B730086006FCB5E /* GuessTheFlagExample.swift */,
			);
			path = GuessTheFlag;
			sourceTree = "<group>";
		};
		CA5AEADC2B9AAA6A006FCB5E /* Modifiers */ = {
			isa = PBXGroup;
			children = (
				CA5AEADD2B9AAA7E006FCB5E /* CustomModifierExample.swift */,
			);
			path = Modifiers;
			sourceTree = "<group>";
		};
		CA5AEADF2B9AAC3C006FCB5E /* Containers */ = {
			isa = PBXGroup;
			children = (
				CA5AEAE02B9AAC4E006FCB5E /* CustomContainerExample.swift */,
			);
			path = Containers;
			sourceTree = "<group>";
		};
		CA5AEAE22B9FF5AA006FCB5E /* Pickers */ = {
			isa = PBXGroup;
			children = (
				CA5AEAE32B9FF5BA006FCB5E /* PickerExample.swift */,
			);
			path = Pickers;
			sourceTree = "<group>";
		};
		CA5AEAE52BA246DC006FCB5E /* Core ML */ = {
			isa = PBXGroup;
			children = (
				CA5AEAEA2BA2634B006FCB5E /* SleepCalculator.mlmodel */,
				CA5AEAE62BA24EDD006FCB5E /* CoreMLExample.swift */,
			);
			path = "Core ML";
			sourceTree = "<group>";
		};
		CA5AEAEC2BAD1EEF006FCB5E /* List */ = {
			isa = PBXGroup;
			children = (
				CA5AEAED2BAD2007006FCB5E /* ListExample.swift */,
			);
			path = List;
			sourceTree = "<group>";
		};
		CA5AEAF12BEC6FD3006FCB5E /* Animations */ = {
			isa = PBXGroup;
			children = (
				CA5AEAF22BEC6FE5006FCB5E /* AnimationExample.swift */,
				CA5AEAF42BFC4022006FCB5E /* AnimationControlling.swift */,
			);
			path = Animations;
			sourceTree = "<group>";
		};
		CA5AEAF62BFD8C2E006FCB5E /* Showing and hiding view */ = {
			isa = PBXGroup;
			children = (
				CA5AEAFB2C002CFF006FCB5E /* DeleteListMacroExample.swift */,
				CA5AEAFD2C00324A006FCB5E /* AddView.swift */,
				CA5AEAF92BFED984006FCB5E /* SheetExample.swift */,
			);
			path = "Showing and hiding view";
			sourceTree = "<group>";
		};
		CA5AEAFF2C06C8A2006FCB5E /* Images */ = {
			isa = PBXGroup;
			children = (
				CA5AEB002C06C8B1006FCB5E /* ImagesExample.swift */,
			);
			path = Images;
			sourceTree = "<group>";
		};
		CA5AEB022C096AD8006FCB5E /* Navigation */ = {
			isa = PBXGroup;
			children = (
				CA5AEB032C096AE3006FCB5E /* NavigationExample.swift */,
			);
			path = Navigation;
			sourceTree = "<group>";
		};
		CA5AEB052C096C64006FCB5E /* View Hierarchical */ = {
			isa = PBXGroup;
			children = (
				CA5AEB062C096C7A006FCB5E /* HierachicalExample.swift */,
			);
			path = "View Hierarchical";
			sourceTree = "<group>";
		};
		CA5AEB0C2C0FAF03006FCB5E /* Codable */ = {
			isa = PBXGroup;
			children = (
				CAC8C45E2C48B3670029B6DD /* USer */,
				CA5AEB142C114DE0006FCB5E /* Mission */,
				CA5AEB0D2C0FAF13006FCB5E /* Astronaut.swift */,
				CA5AEB0F2C0FAF7C006FCB5E /* Bundle-Decodable.swift */,
			);
			path = Codable;
			sourceTree = "<group>";
		};
		CA5AEB142C114DE0006FCB5E /* Mission */ = {
			isa = PBXGroup;
			children = (
				CA5AEB152C114DEF006FCB5E /* Mision.swift */,
				CA5AEB172C115E5C006FCB5E /* Color-Theme.swift */,
				CAC8C4482C25FE930029B6DD /* MissionView.swift */,
				CAC8C44A2C2615940029B6DD /* AstronautView.swift */,
				CA5AEB122C0FBAFB006FCB5E /* CodableAstronautExample.swift */,
				CAC8C44C2C2620770029B6DD /* GridLayout.swift */,
				CAC8C44E2C262F280029B6DD /* ListLayout.swift */,
			);
			path = Mission;
			sourceTree = "<group>";
		};
		CAC8C4502C2A0ADA0029B6DD /* NavigationStack */ = {
			isa = PBXGroup;
			children = (
				CAC8C4512C2A0AEC0029B6DD /* NavigationStackExample.swift */,
				CAC8C4532C2A53510029B6DD /* NavigationStackBackExample.swift */,
				CAC8C4552C2B70C30029B6DD /* NavigationStackAppearanceExample.swift */,
			);
			path = NavigationStack;
			sourceTree = "<group>";
		};
		CAC8C4572C2B786C0029B6DD /* URLSession */ = {
			isa = PBXGroup;
			children = (
				CAC8C4582C2B787C0029B6DD /* URLSessionExample.swift */,
			);
			path = URLSession;
			sourceTree = "<group>";
		};
		CAC8C45E2C48B3670029B6DD /* USer */ = {
			isa = PBXGroup;
			children = (
				CAC8C45F2C48B3790029B6DD /* UserCodable.swift */,
				CAC8C4612C48BF6F0029B6DD /* OrderExample.swift */,
				CAC8C4632C48C1A40029B6DD /* AddressViewExample.swift */,
				CAC8C4652C49F9A00029B6DD /* CheckoutView.swift */,
			);
			path = USer;
			sourceTree = "<group>";
		};
		CAC8C4672C588CCC0029B6DD /* Binding */ = {
			isa = PBXGroup;
			children = (
				CAC8C46F2C5B32900029B6DD /* SwiftData */,
				CAC8C46C2C5B2AE50029B6DD /* Macro Observable */,
				CAC8C46A2C59CC360029B6DD /* UITextViewExample.swift */,
				CAC8C4682C588CDF0029B6DD /* BindingExample.swift */,
			);
			path = Binding;
			sourceTree = "<group>";
		};
		CAC8C46C2C5B2AE50029B6DD /* Macro Observable */ = {
			isa = PBXGroup;
			children = (
				CAC8C46D2C5B2AFC0029B6DD /* MacroObservableExample.swift */,
			);
			path = "Macro Observable";
			sourceTree = "<group>";
		};
		CAC8C46F2C5B32900029B6DD /* SwiftData */ = {
			isa = PBXGroup;
			children = (
			);
			path = SwiftData;
			sourceTree = "<group>";
		};
		CAD8D3C82D5C485B007B628F /* EmptyState */ = {
			isa = PBXGroup;
			children = (
				CAD8D3D12D5C491F007B628F /* EmptyState.swift */,
			);
			path = EmptyState;
			sourceTree = "<group>";
		};
		CAD8D3C92D5C4864007B628F /* RequestReview */ = {
			isa = PBXGroup;
			children = (
				CAD8D3D32D5C493C007B628F /* AppStoreReview.swift */,
			);
			path = RequestReview;
			sourceTree = "<group>";
		};
		CAD8D3CB2D5C487C007B628F /* PhotoPicker */ = {
			isa = PBXGroup;
			children = (
				CAD8D3CF2D5C48DB007B628F /* PhotPicker.swift */,
			);
			path = PhotoPicker;
			sourceTree = "<group>";
		};
		CAD8D3CC2D5C4887007B628F /* ShareLink */ = {
			isa = PBXGroup;
			children = (
				CAD8D3CD2D5C4899007B628F /* ShareLinkView.swift */,
			);
			path = ShareLink;
			sourceTree = "<group>";
		};
/* End PBXGroup section */

/* Begin PBXNativeTarget section */
		CA4829392B60AB510058DB8C /* SwiftUI100Days */ = {
			isa = PBXNativeTarget;
			buildConfigurationList = CA4829632B60AB520058DB8C /* Build configuration list for PBXNativeTarget "SwiftUI100Days" */;
			buildPhases = (
				CA4829362B60AB510058DB8C /* Sources */,
				CA4829372B60AB510058DB8C /* Frameworks */,
				CA4829382B60AB510058DB8C /* Resources */,
			);
			buildRules = (
			);
			dependencies = (
			);
			name = SwiftUI100Days;
			productName = SwiftUI100Days;
			productReference = CA48293A2B60AB510058DB8C /* SwiftUI100Days.app */;
			productType = "com.apple.product-type.application";
		};
		CA48294E2B60AB520058DB8C /* SwiftUI100DaysTests */ = {
			isa = PBXNativeTarget;
			buildConfigurationList = CA4829662B60AB520058DB8C /* Build configuration list for PBXNativeTarget "SwiftUI100DaysTests" */;
			buildPhases = (
				CA48294B2B60AB520058DB8C /* Sources */,
				CA48294C2B60AB520058DB8C /* Frameworks */,
				CA48294D2B60AB520058DB8C /* Resources */,
			);
			buildRules = (
			);
			dependencies = (
				CA4829512B60AB520058DB8C /* PBXTargetDependency */,
			);
			name = SwiftUI100DaysTests;
			productName = SwiftUI100DaysTests;
			productReference = CA48294F2B60AB520058DB8C /* SwiftUI100DaysTests.xctest */;
			productType = "com.apple.product-type.bundle.unit-test";
		};
		CA4829582B60AB520058DB8C /* SwiftUI100DaysUITests */ = {
			isa = PBXNativeTarget;
			buildConfigurationList = CA4829692B60AB520058DB8C /* Build configuration list for PBXNativeTarget "SwiftUI100DaysUITests" */;
			buildPhases = (
				CA4829552B60AB520058DB8C /* Sources */,
				CA4829562B60AB520058DB8C /* Frameworks */,
				CA4829572B60AB520058DB8C /* Resources */,
			);
			buildRules = (
			);
			dependencies = (
				CA48295B2B60AB520058DB8C /* PBXTargetDependency */,
			);
			name = SwiftUI100DaysUITests;
			productName = SwiftUI100DaysUITests;
			productReference = CA4829592B60AB520058DB8C /* SwiftUI100DaysUITests.xctest */;
			productType = "com.apple.product-type.bundle.ui-testing";
		};
/* End PBXNativeTarget section */

/* Begin PBXProject section */
		CA4829322B60AB510058DB8C /* Project object */ = {
			isa = PBXProject;
			attributes = {
				BuildIndependentTargetsInParallel = 1;
				LastSwiftUpdateCheck = 1520;
				LastUpgradeCheck = 1520;
				TargetAttributes = {
					CA4829392B60AB510058DB8C = {
						CreatedOnToolsVersion = 15.2;
					};
					CA48294E2B60AB520058DB8C = {
						CreatedOnToolsVersion = 15.2;
						TestTargetID = CA4829392B60AB510058DB8C;
					};
					CA4829582B60AB520058DB8C = {
						CreatedOnToolsVersion = 15.2;
						TestTargetID = CA4829392B60AB510058DB8C;
					};
				};
			};
			buildConfigurationList = CA4829352B60AB510058DB8C /* Build configuration list for PBXProject "SwiftUI100Days" */;
			compatibilityVersion = "Xcode 14.0";
			developmentRegion = en;
			hasScannedForEncodings = 0;
			knownRegions = (
				en,
				Base,
			);
			mainGroup = CA4829312B60AB510058DB8C;
			productRefGroup = CA48293B2B60AB510058DB8C /* Products */;
			projectDirPath = "";
			projectRoot = "";
			targets = (
				CA4829392B60AB510058DB8C /* SwiftUI100Days */,
				CA48294E2B60AB520058DB8C /* SwiftUI100DaysTests */,
				CA4829582B60AB520058DB8C /* SwiftUI100DaysUITests */,
			);
		};
/* End PBXProject section */

/* Begin PBXResourcesBuildPhase section */
		CA4829382B60AB510058DB8C /* Resources */ = {
			isa = PBXResourcesBuildPhase;
			buildActionMask = 2147483647;
			files = (
				CA4829452B60AB520058DB8C /* Preview Assets.xcassets in Resources */,
				CA5AEB0B2C0FAE98006FCB5E /* missions.json in Resources */,
				CA5AEAF02BB22322006FCB5E /* start.txt in Resources */,
				CA4829422B60AB520058DB8C /* Assets.xcassets in Resources */,
				CA5AEB0A2C0FAE98006FCB5E /* astronauts.json in Resources */,
			);
			runOnlyForDeploymentPostprocessing = 0;
		};
		CA48294D2B60AB520058DB8C /* Resources */ = {
			isa = PBXResourcesBuildPhase;
			buildActionMask = 2147483647;
			files = (
			);
			runOnlyForDeploymentPostprocessing = 0;
		};
		CA4829572B60AB520058DB8C /* Resources */ = {
			isa = PBXResourcesBuildPhase;
			buildActionMask = 2147483647;
			files = (
			);
			runOnlyForDeploymentPostprocessing = 0;
		};
/* End PBXResourcesBuildPhase section */

/* Begin PBXSourcesBuildPhase section */
		CA4829362B60AB510058DB8C /* Sources */ = {
			isa = PBXSourcesBuildPhase;
			buildActionMask = 2147483647;
			files = (
				CA5AEB102C0FAF7C006FCB5E /* Bundle-Decodable.swift in Sources */,
				CA5AEAE42B9FF5BA006FCB5E /* PickerExample.swift in Sources */,
				CA48297B2B635D710058DB8C /* ViewLoopExample.swift in Sources */,
				CAC8C4642C48C1A40029B6DD /* AddressViewExample.swift in Sources */,
				CA5AEADE2B9AAA7E006FCB5E /* CustomModifierExample.swift in Sources */,
				CA5AEB0E2C0FAF13006FCB5E /* Astronaut.swift in Sources */,
				CA48294A2B60AB520058DB8C /* SwiftUI100Days.xcdatamodeld in Sources */,
				CAC8C4692C588CDF0029B6DD /* BindingExample.swift in Sources */,
				CA5AEAEE2BAD2007006FCB5E /* ListExample.swift in Sources */,
				CA5AEAD82B6B2042006FCB5E /* GradientsExample.swift in Sources */,
				CAD8D3CE2D5C4899007B628F /* ShareLinkView.swift in Sources */,
				CA4829472B60AB520058DB8C /* Persistence.swift in Sources */,
				CAC8C44F2C262F280029B6DD /* ListLayout.swift in Sources */,
				CA5AEB132C0FBAFB006FCB5E /* CodableAstronautExample.swift in Sources */,
				CA4829402B60AB510058DB8C /* ContentView.swift in Sources */,
				CA5AEB182C115E5C006FCB5E /* Color-Theme.swift in Sources */,
				CAC8C44D2C2620770029B6DD /* GridLayout.swift in Sources */,
				CA5AEAEB2BA2634B006FCB5E /* SleepCalculator.mlmodel in Sources */,
				CA5AEB012C06C8B1006FCB5E /* ImagesExample.swift in Sources */,
				CA5AEB042C096AE3006FCB5E /* NavigationExample.swift in Sources */,
				CA48293E2B60AB510058DB8C /* SwiftUI100DaysApp.swift in Sources */,
				CAC8C4602C48B3790029B6DD /* UserCodable.swift in Sources */,
				CA5AEB162C114DEF006FCB5E /* Mision.swift in Sources */,
				CA4829702B60AFF20058DB8C /* ImageExample.swift in Sources */,
				CA48296D2B60AEB10058DB8C /* ClassesType.swift in Sources */,
				CAC8C4562C2B70C30029B6DD /* NavigationStackAppearanceExample.swift in Sources */,
				CA5AEAE12B9AAC4E006FCB5E /* CustomContainerExample.swift in Sources */,
				CAD8D3D42D5C493C007B628F /* AppStoreReview.swift in Sources */,
				CA5AEB072C096C7A006FCB5E /* HierachicalExample.swift in Sources */,
				CAC8C4622C48BF6F0029B6DD /* OrderExample.swift in Sources */,
				CA4829732B60B0C90058DB8C /* FormExample.swift in Sources */,
				CAC8C4522C2A0AEC0029B6DD /* NavigationStackExample.swift in Sources */,
				CAC8C44B2C2615940029B6DD /* AstronautView.swift in Sources */,
				CA5AEAE72BA24EDD006FCB5E /* CoreMLExample.swift in Sources */,
				CA5AEAF32BEC6FE5006FCB5E /* AnimationExample.swift in Sources */,
				CAC8C4592C2B787C0029B6DD /* URLSessionExample.swift in Sources */,
				CAC8C46E2C5B2AFC0029B6DD /* MacroObservableExample.swift in Sources */,
				CA5AEAF52BFC4022006FCB5E /* AnimationControlling.swift in Sources */,
				CAC8C4662C49F9A00029B6DD /* CheckoutView.swift in Sources */,
				CA5AEAFC2C002CFF006FCB5E /* DeleteListMacroExample.swift in Sources */,
				CA4829782B6353EF0058DB8C /* StateExample.swift in Sources */,
				CAC8C46B2C59CC360029B6DD /* UITextViewExample.swift in Sources */,
				CA5AEAFA2BFED984006FCB5E /* SheetExample.swift in Sources */,
				CAD8D3D02D5C48DB007B628F /* PhotPicker.swift in Sources */,
				CAC8C4542C2A53510029B6DD /* NavigationStackBackExample.swift in Sources */,
				CA5AEAFE2C00324A006FCB5E /* AddView.swift in Sources */,
				CAC8C4492C25FE930029B6DD /* MissionView.swift in Sources */,
				CA5AEAF82BFD8C43006FCB5E /* StateWithClass.swift in Sources */,
				CAD8D3D22D5C491F007B628F /* EmptyState.swift in Sources */,
				CA5AEADB2B730086006FCB5E /* GuessTheFlagExample.swift in Sources */,
				CA5AEAD52B68918E006FCB5E /* StacksExample.swift in Sources */,
			);
			runOnlyForDeploymentPostprocessing = 0;
		};
		CA48294B2B60AB520058DB8C /* Sources */ = {
			isa = PBXSourcesBuildPhase;
			buildActionMask = 2147483647;
			files = (
				CA4829542B60AB520058DB8C /* SwiftUI100DaysTests.swift in Sources */,
			);
			runOnlyForDeploymentPostprocessing = 0;
		};
		CA4829552B60AB520058DB8C /* Sources */ = {
			isa = PBXSourcesBuildPhase;
			buildActionMask = 2147483647;
			files = (
				CA48295E2B60AB520058DB8C /* SwiftUI100DaysUITests.swift in Sources */,
				CA4829602B60AB520058DB8C /* SwiftUI100DaysUITestsLaunchTests.swift in Sources */,
			);
			runOnlyForDeploymentPostprocessing = 0;
		};
/* End PBXSourcesBuildPhase section */

/* Begin PBXTargetDependency section */
		CA4829512B60AB520058DB8C /* PBXTargetDependency */ = {
			isa = PBXTargetDependency;
			target = CA4829392B60AB510058DB8C /* SwiftUI100Days */;
			targetProxy = CA4829502B60AB520058DB8C /* PBXContainerItemProxy */;
		};
		CA48295B2B60AB520058DB8C /* PBXTargetDependency */ = {
			isa = PBXTargetDependency;
			target = CA4829392B60AB510058DB8C /* SwiftUI100Days */;
			targetProxy = CA48295A2B60AB520058DB8C /* PBXContainerItemProxy */;
		};
/* End PBXTargetDependency section */

/* Begin XCBuildConfiguration section */
		CA4829612B60AB520058DB8C /* Debug */ = {
			isa = XCBuildConfiguration;
			buildSettings = {
				ALWAYS_SEARCH_USER_PATHS = NO;
				ASSETCATALOG_COMPILER_GENERATE_SWIFT_ASSET_SYMBOL_EXTENSIONS = YES;
				CLANG_ANALYZER_NONNULL = YES;
				CLANG_ANALYZER_NUMBER_OBJECT_CONVERSION = YES_AGGRESSIVE;
				CLANG_CXX_LANGUAGE_STANDARD = "gnu++20";
				CLANG_ENABLE_MODULES = YES;
				CLANG_ENABLE_OBJC_ARC = YES;
				CLANG_ENABLE_OBJC_WEAK = YES;
				CLANG_WARN_BLOCK_CAPTURE_AUTORELEASING = YES;
				CLANG_WARN_BOOL_CONVERSION = YES;
				CLANG_WARN_COMMA = YES;
				CLANG_WARN_CONSTANT_CONVERSION = YES;
				CLANG_WARN_DEPRECATED_OBJC_IMPLEMENTATIONS = YES;
				CLANG_WARN_DIRECT_OBJC_ISA_USAGE = YES_ERROR;
				CLANG_WARN_DOCUMENTATION_COMMENTS = YES;
				CLANG_WARN_EMPTY_BODY = YES;
				CLANG_WARN_ENUM_CONVERSION = YES;
				CLANG_WARN_INFINITE_RECURSION = YES;
				CLANG_WARN_INT_CONVERSION = YES;
				CLANG_WARN_NON_LITERAL_NULL_CONVERSION = YES;
				CLANG_WARN_OBJC_IMPLICIT_RETAIN_SELF = YES;
				CLANG_WARN_OBJC_LITERAL_CONVERSION = YES;
				CLANG_WARN_OBJC_ROOT_CLASS = YES_ERROR;
				CLANG_WARN_QUOTED_INCLUDE_IN_FRAMEWORK_HEADER = YES;
				CLANG_WARN_RANGE_LOOP_ANALYSIS = YES;
				CLANG_WARN_STRICT_PROTOTYPES = YES;
				CLANG_WARN_SUSPICIOUS_MOVE = YES;
				CLANG_WARN_UNGUARDED_AVAILABILITY = YES_AGGRESSIVE;
				CLANG_WARN_UNREACHABLE_CODE = YES;
				CLANG_WARN__DUPLICATE_METHOD_MATCH = YES;
				COPY_PHASE_STRIP = NO;
				DEBUG_INFORMATION_FORMAT = dwarf;
				ENABLE_STRICT_OBJC_MSGSEND = YES;
				ENABLE_TESTABILITY = YES;
				ENABLE_USER_SCRIPT_SANDBOXING = YES;
				GCC_C_LANGUAGE_STANDARD = gnu17;
				GCC_DYNAMIC_NO_PIC = NO;
				GCC_NO_COMMON_BLOCKS = YES;
				GCC_OPTIMIZATION_LEVEL = 0;
				GCC_PREPROCESSOR_DEFINITIONS = (
					"DEBUG=1",
					"$(inherited)",
				);
				GCC_WARN_64_TO_32_BIT_CONVERSION = YES;
				GCC_WARN_ABOUT_RETURN_TYPE = YES_ERROR;
				GCC_WARN_UNDECLARED_SELECTOR = YES;
				GCC_WARN_UNINITIALIZED_AUTOS = YES_AGGRESSIVE;
				GCC_WARN_UNUSED_FUNCTION = YES;
				GCC_WARN_UNUSED_VARIABLE = YES;
				IPHONEOS_DEPLOYMENT_TARGET = 17.2;
				LOCALIZATION_PREFERS_STRING_CATALOGS = YES;
				MTL_ENABLE_DEBUG_INFO = INCLUDE_SOURCE;
				MTL_FAST_MATH = YES;
				ONLY_ACTIVE_ARCH = YES;
				SDKROOT = iphoneos;
				SWIFT_ACTIVE_COMPILATION_CONDITIONS = "DEBUG $(inherited)";
				SWIFT_OPTIMIZATION_LEVEL = "-Onone";
			};
			name = Debug;
		};
		CA4829622B60AB520058DB8C /* Release */ = {
			isa = XCBuildConfiguration;
			buildSettings = {
				ALWAYS_SEARCH_USER_PATHS = NO;
				ASSETCATALOG_COMPILER_GENERATE_SWIFT_ASSET_SYMBOL_EXTENSIONS = YES;
				CLANG_ANALYZER_NONNULL = YES;
				CLANG_ANALYZER_NUMBER_OBJECT_CONVERSION = YES_AGGRESSIVE;
				CLANG_CXX_LANGUAGE_STANDARD = "gnu++20";
				CLANG_ENABLE_MODULES = YES;
				CLANG_ENABLE_OBJC_ARC = YES;
				CLANG_ENABLE_OBJC_WEAK = YES;
				CLANG_WARN_BLOCK_CAPTURE_AUTORELEASING = YES;
				CLANG_WARN_BOOL_CONVERSION = YES;
				CLANG_WARN_COMMA = YES;
				CLANG_WARN_CONSTANT_CONVERSION = YES;
				CLANG_WARN_DEPRECATED_OBJC_IMPLEMENTATIONS = YES;
				CLANG_WARN_DIRECT_OBJC_ISA_USAGE = YES_ERROR;
				CLANG_WARN_DOCUMENTATION_COMMENTS = YES;
				CLANG_WARN_EMPTY_BODY = YES;
				CLANG_WARN_ENUM_CONVERSION = YES;
				CLANG_WARN_INFINITE_RECURSION = YES;
				CLANG_WARN_INT_CONVERSION = YES;
				CLANG_WARN_NON_LITERAL_NULL_CONVERSION = YES;
				CLANG_WARN_OBJC_IMPLICIT_RETAIN_SELF = YES;
				CLANG_WARN_OBJC_LITERAL_CONVERSION = YES;
				CLANG_WARN_OBJC_ROOT_CLASS = YES_ERROR;
				CLANG_WARN_QUOTED_INCLUDE_IN_FRAMEWORK_HEADER = YES;
				CLANG_WARN_RANGE_LOOP_ANALYSIS = YES;
				CLANG_WARN_STRICT_PROTOTYPES = YES;
				CLANG_WARN_SUSPICIOUS_MOVE = YES;
				CLANG_WARN_UNGUARDED_AVAILABILITY = YES_AGGRESSIVE;
				CLANG_WARN_UNREACHABLE_CODE = YES;
				CLANG_WARN__DUPLICATE_METHOD_MATCH = YES;
				COPY_PHASE_STRIP = NO;
				DEBUG_INFORMATION_FORMAT = "dwarf-with-dsym";
				ENABLE_NS_ASSERTIONS = NO;
				ENABLE_STRICT_OBJC_MSGSEND = YES;
				ENABLE_USER_SCRIPT_SANDBOXING = YES;
				GCC_C_LANGUAGE_STANDARD = gnu17;
				GCC_NO_COMMON_BLOCKS = YES;
				GCC_WARN_64_TO_32_BIT_CONVERSION = YES;
				GCC_WARN_ABOUT_RETURN_TYPE = YES_ERROR;
				GCC_WARN_UNDECLARED_SELECTOR = YES;
				GCC_WARN_UNINITIALIZED_AUTOS = YES_AGGRESSIVE;
				GCC_WARN_UNUSED_FUNCTION = YES;
				GCC_WARN_UNUSED_VARIABLE = YES;
				IPHONEOS_DEPLOYMENT_TARGET = 17.2;
				LOCALIZATION_PREFERS_STRING_CATALOGS = YES;
				MTL_ENABLE_DEBUG_INFO = NO;
				MTL_FAST_MATH = YES;
				SDKROOT = iphoneos;
				SWIFT_COMPILATION_MODE = wholemodule;
				VALIDATE_PRODUCT = YES;
			};
			name = Release;
		};
		CA4829642B60AB520058DB8C /* Debug */ = {
			isa = XCBuildConfiguration;
			buildSettings = {
				ASSETCATALOG_COMPILER_APPICON_NAME = AppIcon;
				ASSETCATALOG_COMPILER_GLOBAL_ACCENT_COLOR_NAME = AccentColor;
				CODE_SIGN_STYLE = Automatic;
				CURRENT_PROJECT_VERSION = 1;
				DEVELOPMENT_ASSET_PATHS = "\"SwiftUI100Days/Preview Content\"";
				ENABLE_PREVIEWS = YES;
				GENERATE_INFOPLIST_FILE = YES;
				INFOPLIST_KEY_UIApplicationSceneManifest_Generation = YES;
				INFOPLIST_KEY_UIApplicationSupportsIndirectInputEvents = YES;
				INFOPLIST_KEY_UILaunchScreen_Generation = YES;
				INFOPLIST_KEY_UISupportedInterfaceOrientations_iPad = "UIInterfaceOrientationPortrait UIInterfaceOrientationPortraitUpsideDown UIInterfaceOrientationLandscapeLeft UIInterfaceOrientationLandscapeRight";
				INFOPLIST_KEY_UISupportedInterfaceOrientations_iPhone = "UIInterfaceOrientationPortrait UIInterfaceOrientationLandscapeLeft UIInterfaceOrientationLandscapeRight";
				LD_RUNPATH_SEARCH_PATHS = (
					"$(inherited)",
					"@executable_path/Frameworks",
				);
				MARKETING_VERSION = 1.0;
				PRODUCT_BUNDLE_IDENTIFIER = com.jjmadel.coreData.SwiftUI100Days;
				PRODUCT_NAME = "$(TARGET_NAME)";
				SWIFT_EMIT_LOC_STRINGS = YES;
				SWIFT_VERSION = 5.0;
				TARGETED_DEVICE_FAMILY = "1,2";
			};
			name = Debug;
		};
		CA4829652B60AB520058DB8C /* Release */ = {
			isa = XCBuildConfiguration;
			buildSettings = {
				ASSETCATALOG_COMPILER_APPICON_NAME = AppIcon;
				ASSETCATALOG_COMPILER_GLOBAL_ACCENT_COLOR_NAME = AccentColor;
				CODE_SIGN_STYLE = Automatic;
				CURRENT_PROJECT_VERSION = 1;
				DEVELOPMENT_ASSET_PATHS = "\"SwiftUI100Days/Preview Content\"";
				ENABLE_PREVIEWS = YES;
				GENERATE_INFOPLIST_FILE = YES;
				INFOPLIST_KEY_UIApplicationSceneManifest_Generation = YES;
				INFOPLIST_KEY_UIApplicationSupportsIndirectInputEvents = YES;
				INFOPLIST_KEY_UILaunchScreen_Generation = YES;
				INFOPLIST_KEY_UISupportedInterfaceOrientations_iPad = "UIInterfaceOrientationPortrait UIInterfaceOrientationPortraitUpsideDown UIInterfaceOrientationLandscapeLeft UIInterfaceOrientationLandscapeRight";
				INFOPLIST_KEY_UISupportedInterfaceOrientations_iPhone = "UIInterfaceOrientationPortrait UIInterfaceOrientationLandscapeLeft UIInterfaceOrientationLandscapeRight";
				LD_RUNPATH_SEARCH_PATHS = (
					"$(inherited)",
					"@executable_path/Frameworks",
				);
				MARKETING_VERSION = 1.0;
				PRODUCT_BUNDLE_IDENTIFIER = com.jjmadel.coreData.SwiftUI100Days;
				PRODUCT_NAME = "$(TARGET_NAME)";
				SWIFT_EMIT_LOC_STRINGS = YES;
				SWIFT_VERSION = 5.0;
				TARGETED_DEVICE_FAMILY = "1,2";
			};
			name = Release;
		};
		CA4829672B60AB520058DB8C /* Debug */ = {
			isa = XCBuildConfiguration;
			buildSettings = {
				ALWAYS_EMBED_SWIFT_STANDARD_LIBRARIES = YES;
				BUNDLE_LOADER = "$(TEST_HOST)";
				CODE_SIGN_STYLE = Automatic;
				CURRENT_PROJECT_VERSION = 1;
				GENERATE_INFOPLIST_FILE = YES;
				IPHONEOS_DEPLOYMENT_TARGET = 17.2;
				MARKETING_VERSION = 1.0;
				PRODUCT_BUNDLE_IDENTIFIER = com.jjmadel.coreData.SwiftUI100DaysTests;
				PRODUCT_NAME = "$(TARGET_NAME)";
				SWIFT_EMIT_LOC_STRINGS = NO;
				SWIFT_VERSION = 5.0;
				TARGETED_DEVICE_FAMILY = "1,2";
				TEST_HOST = "$(BUILT_PRODUCTS_DIR)/SwiftUI100Days.app/$(BUNDLE_EXECUTABLE_FOLDER_PATH)/SwiftUI100Days";
			};
			name = Debug;
		};
		CA4829682B60AB520058DB8C /* Release */ = {
			isa = XCBuildConfiguration;
			buildSettings = {
				ALWAYS_EMBED_SWIFT_STANDARD_LIBRARIES = YES;
				BUNDLE_LOADER = "$(TEST_HOST)";
				CODE_SIGN_STYLE = Automatic;
				CURRENT_PROJECT_VERSION = 1;
				GENERATE_INFOPLIST_FILE = YES;
				IPHONEOS_DEPLOYMENT_TARGET = 17.2;
				MARKETING_VERSION = 1.0;
				PRODUCT_BUNDLE_IDENTIFIER = com.jjmadel.coreData.SwiftUI100DaysTests;
				PRODUCT_NAME = "$(TARGET_NAME)";
				SWIFT_EMIT_LOC_STRINGS = NO;
				SWIFT_VERSION = 5.0;
				TARGETED_DEVICE_FAMILY = "1,2";
				TEST_HOST = "$(BUILT_PRODUCTS_DIR)/SwiftUI100Days.app/$(BUNDLE_EXECUTABLE_FOLDER_PATH)/SwiftUI100Days";
			};
			name = Release;
		};
		CA48296A2B60AB520058DB8C /* Debug */ = {
			isa = XCBuildConfiguration;
			buildSettings = {
				ALWAYS_EMBED_SWIFT_STANDARD_LIBRARIES = YES;
				CODE_SIGN_STYLE = Automatic;
				CURRENT_PROJECT_VERSION = 1;
				GENERATE_INFOPLIST_FILE = YES;
				MARKETING_VERSION = 1.0;
				PRODUCT_BUNDLE_IDENTIFIER = com.jjmadel.coreData.SwiftUI100DaysUITests;
				PRODUCT_NAME = "$(TARGET_NAME)";
				SWIFT_EMIT_LOC_STRINGS = NO;
				SWIFT_VERSION = 5.0;
				TARGETED_DEVICE_FAMILY = "1,2";
				TEST_TARGET_NAME = SwiftUI100Days;
			};
			name = Debug;
		};
		CA48296B2B60AB520058DB8C /* Release */ = {
			isa = XCBuildConfiguration;
			buildSettings = {
				ALWAYS_EMBED_SWIFT_STANDARD_LIBRARIES = YES;
				CODE_SIGN_STYLE = Automatic;
				CURRENT_PROJECT_VERSION = 1;
				GENERATE_INFOPLIST_FILE = YES;
				MARKETING_VERSION = 1.0;
				PRODUCT_BUNDLE_IDENTIFIER = com.jjmadel.coreData.SwiftUI100DaysUITests;
				PRODUCT_NAME = "$(TARGET_NAME)";
				SWIFT_EMIT_LOC_STRINGS = NO;
				SWIFT_VERSION = 5.0;
				TARGETED_DEVICE_FAMILY = "1,2";
				TEST_TARGET_NAME = SwiftUI100Days;
			};
			name = Release;
		};
/* End XCBuildConfiguration section */

/* Begin XCConfigurationList section */
		CA4829352B60AB510058DB8C /* Build configuration list for PBXProject "SwiftUI100Days" */ = {
			isa = XCConfigurationList;
			buildConfigurations = (
				CA4829612B60AB520058DB8C /* Debug */,
				CA4829622B60AB520058DB8C /* Release */,
			);
			defaultConfigurationIsVisible = 0;
			defaultConfigurationName = Release;
		};
		CA4829632B60AB520058DB8C /* Build configuration list for PBXNativeTarget "SwiftUI100Days" */ = {
			isa = XCConfigurationList;
			buildConfigurations = (
				CA4829642B60AB520058DB8C /* Debug */,
				CA4829652B60AB520058DB8C /* Release */,
			);
			defaultConfigurationIsVisible = 0;
			defaultConfigurationName = Release;
		};
		CA4829662B60AB520058DB8C /* Build configuration list for PBXNativeTarget "SwiftUI100DaysTests" */ = {
			isa = XCConfigurationList;
			buildConfigurations = (
				CA4829672B60AB520058DB8C /* Debug */,
				CA4829682B60AB520058DB8C /* Release */,
			);
			defaultConfigurationIsVisible = 0;
			defaultConfigurationName = Release;
		};
		CA4829692B60AB520058DB8C /* Build configuration list for PBXNativeTarget "SwiftUI100DaysUITests" */ = {
			isa = XCConfigurationList;
			buildConfigurations = (
				CA48296A2B60AB520058DB8C /* Debug */,
				CA48296B2B60AB520058DB8C /* Release */,
			);
			defaultConfigurationIsVisible = 0;
			defaultConfigurationName = Release;
		};
/* End XCConfigurationList section */

/* Begin XCVersionGroup section */
		CA4829482B60AB520058DB8C /* SwiftUI100Days.xcdatamodeld */ = {
			isa = XCVersionGroup;
			children = (
				CA4829492B60AB520058DB8C /* SwiftUI100Days.xcdatamodel */,
			);
			currentVersion = CA4829492B60AB520058DB8C /* SwiftUI100Days.xcdatamodel */;
			path = SwiftUI100Days.xcdatamodeld;
			sourceTree = "<group>";
			versionGroupType = wrapper.xcdatamodel;
		};
/* End XCVersionGroup section */
	};
	rootObject = CA4829322B60AB510058DB8C /* Project object */;
}
